// !$*UTF8*$!
{
	archiveVersion = 1;
	classes = {
	};
	objectVersion = 51;
	objects = {

/* Begin PBXBuildFile section */
		5421F0F325DB751B00B309FC /* Data.swift in Sources */ = {isa = PBXBuildFile; fileRef = 5421F0F225DB751B00B309FC /* Data.swift */; };
		542D5AF62604E7CE0074927F /* imageButtons.swift in Sources */ = {isa = PBXBuildFile; fileRef = 542D5AF52604E7CE0074927F /* imageButtons.swift */; };
		546301F925FA025E00E005BC /* Colors.swift in Sources */ = {isa = PBXBuildFile; fileRef = 546301F825FA025E00E005BC /* Colors.swift */; };
		546310A026210C3E00FA115C /* Pareja.swift in Sources */ = {isa = PBXBuildFile; fileRef = 5463109F26210C3E00FA115C /* Pareja.swift */; };
		546310D42621118F00FA115C /* 84.mp3 in Resources */ = {isa = PBXBuildFile; fileRef = 546310A12621118D00FA115C /* 84.mp3 */; };
		546310D52621118F00FA115C /* 156.mp3 in Resources */ = {isa = PBXBuildFile; fileRef = 546310A22621118D00FA115C /* 156.mp3 */; };
		546310D62621118F00FA115C /* 203.mp3 in Resources */ = {isa = PBXBuildFile; fileRef = 546310A32621118D00FA115C /* 203.mp3 */; };
		546310D72621118F00FA115C /* 204.mp3 in Resources */ = {isa = PBXBuildFile; fileRef = 546310A42621118D00FA115C /* 204.mp3 */; };
		546310D82621118F00FA115C /* 37.mp3 in Resources */ = {isa = PBXBuildFile; fileRef = 546310A52621118D00FA115C /* 37.mp3 */; };
		546310D92621118F00FA115C /* 186.mp3 in Resources */ = {isa = PBXBuildFile; fileRef = 546310A62621118D00FA115C /* 186.mp3 */; };
		546310DA2621118F00FA115C /* 197.mp3 in Resources */ = {isa = PBXBuildFile; fileRef = 546310A72621118D00FA115C /* 197.mp3 */; };
		546310DB2621118F00FA115C /* 112.mp3 in Resources */ = {isa = PBXBuildFile; fileRef = 546310A82621118D00FA115C /* 112.mp3 */; };
		546310DC2621118F00FA115C /* 205.mp3 in Resources */ = {isa = PBXBuildFile; fileRef = 546310A92621118D00FA115C /* 205.mp3 */; };
		546310DD2621118F00FA115C /* 191.mp3 in Resources */ = {isa = PBXBuildFile; fileRef = 546310AA2621118D00FA115C /* 191.mp3 */; };
		546310DE2621118F00FA115C /* 15.mp3 in Resources */ = {isa = PBXBuildFile; fileRef = 546310AB2621118D00FA115C /* 15.mp3 */; };
		546310DF2621118F00FA115C /* 201.mp3 in Resources */ = {isa = PBXBuildFile; fileRef = 546310AC2621118E00FA115C /* 201.mp3 */; };
		546310E02621118F00FA115C /* 196.mp3 in Resources */ = {isa = PBXBuildFile; fileRef = 546310AD2621118E00FA115C /* 196.mp3 */; };
		546310E12621118F00FA115C /* 33.mp3 in Resources */ = {isa = PBXBuildFile; fileRef = 546310AE2621118E00FA115C /* 33.mp3 */; };
		546310E22621118F00FA115C /* 135.mp3 in Resources */ = {isa = PBXBuildFile; fileRef = 546310AF2621118E00FA115C /* 135.mp3 */; };
		546310E32621118F00FA115C /* 193.mp3 in Resources */ = {isa = PBXBuildFile; fileRef = 546310B02621118E00FA115C /* 193.mp3 */; };
		546310E42621118F00FA115C /* 207.mp3 in Resources */ = {isa = PBXBuildFile; fileRef = 546310B12621118E00FA115C /* 207.mp3 */; };
		546310E52621118F00FA115C /* 115.mp3 in Resources */ = {isa = PBXBuildFile; fileRef = 546310B22621118E00FA115C /* 115.mp3 */; };
		546310E62621118F00FA115C /* 213.mp3 in Resources */ = {isa = PBXBuildFile; fileRef = 546310B32621118E00FA115C /* 213.mp3 */; };
		546310E72621118F00FA115C /* 185.mp3 in Resources */ = {isa = PBXBuildFile; fileRef = 546310B42621118E00FA115C /* 185.mp3 */; };
		546310E82621118F00FA115C /* 121.mp3 in Resources */ = {isa = PBXBuildFile; fileRef = 546310B52621118E00FA115C /* 121.mp3 */; };
		546310E92621118F00FA115C /* 195.mp3 in Resources */ = {isa = PBXBuildFile; fileRef = 546310B62621118E00FA115C /* 195.mp3 */; };
		546310EA2621118F00FA115C /* 99.mp3 in Resources */ = {isa = PBXBuildFile; fileRef = 546310B72621118E00FA115C /* 99.mp3 */; };
		546310EB2621118F00FA115C /* 211.mp3 in Resources */ = {isa = PBXBuildFile; fileRef = 546310B82621118E00FA115C /* 211.mp3 */; };
		546310EC2621118F00FA115C /* 184.mp3 in Resources */ = {isa = PBXBuildFile; fileRef = 546310B92621118E00FA115C /* 184.mp3 */; };
		546310ED2621118F00FA115C /* 208.mp3 in Resources */ = {isa = PBXBuildFile; fileRef = 546310BA2621118E00FA115C /* 208.mp3 */; };
		546310EE2621118F00FA115C /* 190.mp3 in Resources */ = {isa = PBXBuildFile; fileRef = 546310BB2621118E00FA115C /* 190.mp3 */; };
		546310EF2621118F00FA115C /* 153.mp3 in Resources */ = {isa = PBXBuildFile; fileRef = 546310BC2621118E00FA115C /* 153.mp3 */; };
		546310F02621118F00FA115C /* 51.mp3 in Resources */ = {isa = PBXBuildFile; fileRef = 546310BD2621118E00FA115C /* 51.mp3 */; };
		546310F12621118F00FA115C /* 194.mp3 in Resources */ = {isa = PBXBuildFile; fileRef = 546310BE2621118E00FA115C /* 194.mp3 */; };
		546310F22621118F00FA115C /* 189.mp3 in Resources */ = {isa = PBXBuildFile; fileRef = 546310BF2621118E00FA115C /* 189.mp3 */; };
		546310F32621118F00FA115C /* 202.mp3 in Resources */ = {isa = PBXBuildFile; fileRef = 546310C02621118E00FA115C /* 202.mp3 */; };
		546310F42621118F00FA115C /* 119.mp3 in Resources */ = {isa = PBXBuildFile; fileRef = 546310C12621118E00FA115C /* 119.mp3 */; };
		546310F52621118F00FA115C /* 200.mp3 in Resources */ = {isa = PBXBuildFile; fileRef = 546310C22621118E00FA115C /* 200.mp3 */; };
		546310F62621118F00FA115C /* 146.mp3 in Resources */ = {isa = PBXBuildFile; fileRef = 546310C32621118E00FA115C /* 146.mp3 */; };
		546310F72621118F00FA115C /* 187.mp3 in Resources */ = {isa = PBXBuildFile; fileRef = 546310C42621118E00FA115C /* 187.mp3 */; };
		546310F82621118F00FA115C /* 199.mp3 in Resources */ = {isa = PBXBuildFile; fileRef = 546310C52621118E00FA115C /* 199.mp3 */; };
		546310F92621118F00FA115C /* 192.mp3 in Resources */ = {isa = PBXBuildFile; fileRef = 546310C62621118E00FA115C /* 192.mp3 */; };
		546310FA2621118F00FA115C /* 198.mp3 in Resources */ = {isa = PBXBuildFile; fileRef = 546310C72621118E00FA115C /* 198.mp3 */; };
		546310FB2621118F00FA115C /* 188.mp3 in Resources */ = {isa = PBXBuildFile; fileRef = 546310C82621118E00FA115C /* 188.mp3 */; };
		546310FC2621118F00FA115C /* 209.mp3 in Resources */ = {isa = PBXBuildFile; fileRef = 546310C92621118E00FA115C /* 209.mp3 */; };
		546310FD2621118F00FA115C /* 85.mp3 in Resources */ = {isa = PBXBuildFile; fileRef = 546310CA2621118E00FA115C /* 85.mp3 */; };
		546310FE2621118F00FA115C /* 206.mp3 in Resources */ = {isa = PBXBuildFile; fileRef = 546310CB2621118E00FA115C /* 206.mp3 */; };
		546310FF2621118F00FA115C /* 210.mp3 in Resources */ = {isa = PBXBuildFile; fileRef = 546310CC2621118F00FA115C /* 210.mp3 */; };
		546311002621118F00FA115C /* 71.mp3 in Resources */ = {isa = PBXBuildFile; fileRef = 546310CD2621118F00FA115C /* 71.mp3 */; };
		546311012621118F00FA115C /* 113.mp3 in Resources */ = {isa = PBXBuildFile; fileRef = 546310CE2621118F00FA115C /* 113.mp3 */; };
		546311022621118F00FA115C /* 63.mp3 in Resources */ = {isa = PBXBuildFile; fileRef = 546310CF2621118F00FA115C /* 63.mp3 */; };
		546311032621118F00FA115C /* 212.mp3 in Resources */ = {isa = PBXBuildFile; fileRef = 546310D02621118F00FA115C /* 212.mp3 */; };
		546311042621118F00FA115C /* 42.mp3 in Resources */ = {isa = PBXBuildFile; fileRef = 546310D12621118F00FA115C /* 42.mp3 */; };
		546311052621118F00FA115C /* 183.mp3 in Resources */ = {isa = PBXBuildFile; fileRef = 546310D22621118F00FA115C /* 183.mp3 */; };
		546311062621118F00FA115C /* 154.mp3 in Resources */ = {isa = PBXBuildFile; fileRef = 546310D32621118F00FA115C /* 154.mp3 */; };
		546B135E25DAFACD00CF2ED5 /* AppDelegate.swift in Sources */ = {isa = PBXBuildFile; fileRef = 546B135D25DAFACD00CF2ED5 /* AppDelegate.swift */; };
		546B136025DAFACD00CF2ED5 /* SceneDelegate.swift in Sources */ = {isa = PBXBuildFile; fileRef = 546B135F25DAFACD00CF2ED5 /* SceneDelegate.swift */; };
		546B136825DAFACD00CF2ED5 /* GraFon.xcdatamodeld in Sources */ = {isa = PBXBuildFile; fileRef = 546B136625DAFACD00CF2ED5 /* GraFon.xcdatamodeld */; };
		546B136A25DAFACF00CF2ED5 /* Assets.xcassets in Resources */ = {isa = PBXBuildFile; fileRef = 546B136925DAFACF00CF2ED5 /* Assets.xcassets */; };
		546B137825DAFACF00CF2ED5 /* GraFonTests.swift in Sources */ = {isa = PBXBuildFile; fileRef = 546B137725DAFACF00CF2ED5 /* GraFonTests.swift */; };
		546B139125DB262400CF2ED5 /* LaunchScreen.storyboard in Resources */ = {isa = PBXBuildFile; fileRef = 546B139025DB262400CF2ED5 /* LaunchScreen.storyboard */; };
		546B139525DB379D00CF2ED5 /* PuertaCelda.swift in Sources */ = {isa = PBXBuildFile; fileRef = 546B139425DB379D00CF2ED5 /* PuertaCelda.swift */; };
		546B139725DB381400CF2ED5 /* Puerta.swift in Sources */ = {isa = PBXBuildFile; fileRef = 546B139625DB381400CF2ED5 /* Puerta.swift */; };
		546B139925DB3DF400CF2ED5 /* PaginacionPuertasVC.swift in Sources */ = {isa = PBXBuildFile; fileRef = 546B139825DB3DF400CF2ED5 /* PaginacionPuertasVC.swift */; };
		547A8BA32618B994002962CD /* PresentacionJuegoVC.swift in Sources */ = {isa = PBXBuildFile; fileRef = 547A8BA22618B994002962CD /* PresentacionJuegoVC.swift */; };
		5492F89D25EA1CAD0006A960 /* CeldaMolde.swift in Sources */ = {isa = PBXBuildFile; fileRef = 5492F89C25EA1CAD0006A960 /* CeldaMolde.swift */; };
		5495D75F25F97B7F00906AEA /* FonemaSeleccionadoVC.swift in Sources */ = {isa = PBXBuildFile; fileRef = 5495D75E25F97B7F00906AEA /* FonemaSeleccionadoVC.swift */; };
		54A0F885262676B300A6D308 /* PantallaJuegoSyS.swift in Sources */ = {isa = PBXBuildFile; fileRef = 54A0F884262676B300A6D308 /* PantallaJuegoSyS.swift */; };
		54A0F8882627317900A6D308 /* SySJuego1VC.swift in Sources */ = {isa = PBXBuildFile; fileRef = 54A0F8872627317900A6D308 /* SySJuego1VC.swift */; };
		54A0F88B2627337700A6D308 /* JuegoSySCelda.swift in Sources */ = {isa = PBXBuildFile; fileRef = 54A0F88A2627337700A6D308 /* JuegoSySCelda.swift */; };
		54A0F88E262751C200A6D308 /* Letras.swift in Sources */ = {isa = PBXBuildFile; fileRef = 54A0F88D262751C200A6D308 /* Letras.swift */; };
		54A0F8902627562400A6D308 /* PalabrasEnBocaVC.swift in Sources */ = {isa = PBXBuildFile; fileRef = 54A0F88F2627562400A6D308 /* PalabrasEnBocaVC.swift */; };
		54A0F8922627984D00A6D308 /* Alertas.swift in Sources */ = {isa = PBXBuildFile; fileRef = 54A0F8912627984D00A6D308 /* Alertas.swift */; };
		54CD4DE425E0D429002D0006 /* MenuMoldeVC.swift in Sources */ = {isa = PBXBuildFile; fileRef = 54CD4DE325E0D429002D0006 /* MenuMoldeVC.swift */; };
		54F6993225F09ECC008F22DF /* FonemaPaginaCelda.swift in Sources */ = {isa = PBXBuildFile; fileRef = 54F6993125F09ECC008F22DF /* FonemaPaginaCelda.swift */; };
		54F6993825F0AF02008F22DF /* Lines.swift in Sources */ = {isa = PBXBuildFile; fileRef = 54F6993725F0AF02008F22DF /* Lines.swift */; };
		54F6993A25F0C92D008F22DF /* Fonema.swift in Sources */ = {isa = PBXBuildFile; fileRef = 54F6993925F0C92D008F22DF /* Fonema.swift */; };
/* End PBXBuildFile section */

/* Begin PBXContainerItemProxy section */
		546B137425DAFACF00CF2ED5 /* PBXContainerItemProxy */ = {
			isa = PBXContainerItemProxy;
			containerPortal = 546B135225DAFACD00CF2ED5 /* Project object */;
			proxyType = 1;
			remoteGlobalIDString = 546B135925DAFACD00CF2ED5;
			remoteInfo = GraFon;
		};
/* End PBXContainerItemProxy section */

/* Begin PBXFileReference section */
		5421F0F225DB751B00B309FC /* Data.swift */ = {isa = PBXFileReference; lastKnownFileType = sourcecode.swift; path = Data.swift; sourceTree = "<group>"; };
		542D5AF52604E7CE0074927F /* imageButtons.swift */ = {isa = PBXFileReference; lastKnownFileType = sourcecode.swift; path = imageButtons.swift; sourceTree = "<group>"; };
		546301F825FA025E00E005BC /* Colors.swift */ = {isa = PBXFileReference; lastKnownFileType = sourcecode.swift; path = Colors.swift; sourceTree = "<group>"; };
		5463109F26210C3E00FA115C /* Pareja.swift */ = {isa = PBXFileReference; lastKnownFileType = sourcecode.swift; path = Pareja.swift; sourceTree = "<group>"; };
		546310A12621118D00FA115C /* 84.mp3 */ = {isa = PBXFileReference; lastKnownFileType = audio.mp3; path = 84.mp3; sourceTree = "<group>"; };
		546310A22621118D00FA115C /* 156.mp3 */ = {isa = PBXFileReference; lastKnownFileType = audio.mp3; path = 156.mp3; sourceTree = "<group>"; };
		546310A32621118D00FA115C /* 203.mp3 */ = {isa = PBXFileReference; lastKnownFileType = audio.mp3; path = 203.mp3; sourceTree = "<group>"; };
		546310A42621118D00FA115C /* 204.mp3 */ = {isa = PBXFileReference; lastKnownFileType = audio.mp3; path = 204.mp3; sourceTree = "<group>"; };
		546310A52621118D00FA115C /* 37.mp3 */ = {isa = PBXFileReference; lastKnownFileType = audio.mp3; path = 37.mp3; sourceTree = "<group>"; };
		546310A62621118D00FA115C /* 186.mp3 */ = {isa = PBXFileReference; lastKnownFileType = audio.mp3; path = 186.mp3; sourceTree = "<group>"; };
		546310A72621118D00FA115C /* 197.mp3 */ = {isa = PBXFileReference; lastKnownFileType = audio.mp3; path = 197.mp3; sourceTree = "<group>"; };
		546310A82621118D00FA115C /* 112.mp3 */ = {isa = PBXFileReference; lastKnownFileType = audio.mp3; path = 112.mp3; sourceTree = "<group>"; };
		546310A92621118D00FA115C /* 205.mp3 */ = {isa = PBXFileReference; lastKnownFileType = audio.mp3; path = 205.mp3; sourceTree = "<group>"; };
		546310AA2621118D00FA115C /* 191.mp3 */ = {isa = PBXFileReference; lastKnownFileType = audio.mp3; path = 191.mp3; sourceTree = "<group>"; };
		546310AB2621118D00FA115C /* 15.mp3 */ = {isa = PBXFileReference; lastKnownFileType = audio.mp3; path = 15.mp3; sourceTree = "<group>"; };
		546310AC2621118E00FA115C /* 201.mp3 */ = {isa = PBXFileReference; lastKnownFileType = audio.mp3; path = 201.mp3; sourceTree = "<group>"; };
		546310AD2621118E00FA115C /* 196.mp3 */ = {isa = PBXFileReference; lastKnownFileType = audio.mp3; path = 196.mp3; sourceTree = "<group>"; };
		546310AE2621118E00FA115C /* 33.mp3 */ = {isa = PBXFileReference; lastKnownFileType = audio.mp3; path = 33.mp3; sourceTree = "<group>"; };
		546310AF2621118E00FA115C /* 135.mp3 */ = {isa = PBXFileReference; lastKnownFileType = audio.mp3; path = 135.mp3; sourceTree = "<group>"; };
		546310B02621118E00FA115C /* 193.mp3 */ = {isa = PBXFileReference; lastKnownFileType = audio.mp3; path = 193.mp3; sourceTree = "<group>"; };
		546310B12621118E00FA115C /* 207.mp3 */ = {isa = PBXFileReference; lastKnownFileType = audio.mp3; path = 207.mp3; sourceTree = "<group>"; };
		546310B22621118E00FA115C /* 115.mp3 */ = {isa = PBXFileReference; lastKnownFileType = audio.mp3; path = 115.mp3; sourceTree = "<group>"; };
		546310B32621118E00FA115C /* 213.mp3 */ = {isa = PBXFileReference; lastKnownFileType = audio.mp3; path = 213.mp3; sourceTree = "<group>"; };
		546310B42621118E00FA115C /* 185.mp3 */ = {isa = PBXFileReference; lastKnownFileType = audio.mp3; path = 185.mp3; sourceTree = "<group>"; };
		546310B52621118E00FA115C /* 121.mp3 */ = {isa = PBXFileReference; lastKnownFileType = audio.mp3; path = 121.mp3; sourceTree = "<group>"; };
		546310B62621118E00FA115C /* 195.mp3 */ = {isa = PBXFileReference; lastKnownFileType = audio.mp3; path = 195.mp3; sourceTree = "<group>"; };
		546310B72621118E00FA115C /* 99.mp3 */ = {isa = PBXFileReference; lastKnownFileType = audio.mp3; path = 99.mp3; sourceTree = "<group>"; };
		546310B82621118E00FA115C /* 211.mp3 */ = {isa = PBXFileReference; lastKnownFileType = audio.mp3; path = 211.mp3; sourceTree = "<group>"; };
		546310B92621118E00FA115C /* 184.mp3 */ = {isa = PBXFileReference; lastKnownFileType = audio.mp3; path = 184.mp3; sourceTree = "<group>"; };
		546310BA2621118E00FA115C /* 208.mp3 */ = {isa = PBXFileReference; lastKnownFileType = audio.mp3; path = 208.mp3; sourceTree = "<group>"; };
		546310BB2621118E00FA115C /* 190.mp3 */ = {isa = PBXFileReference; lastKnownFileType = audio.mp3; path = 190.mp3; sourceTree = "<group>"; };
		546310BC2621118E00FA115C /* 153.mp3 */ = {isa = PBXFileReference; lastKnownFileType = audio.mp3; path = 153.mp3; sourceTree = "<group>"; };
		546310BD2621118E00FA115C /* 51.mp3 */ = {isa = PBXFileReference; lastKnownFileType = audio.mp3; path = 51.mp3; sourceTree = "<group>"; };
		546310BE2621118E00FA115C /* 194.mp3 */ = {isa = PBXFileReference; lastKnownFileType = audio.mp3; path = 194.mp3; sourceTree = "<group>"; };
		546310BF2621118E00FA115C /* 189.mp3 */ = {isa = PBXFileReference; lastKnownFileType = audio.mp3; path = 189.mp3; sourceTree = "<group>"; };
		546310C02621118E00FA115C /* 202.mp3 */ = {isa = PBXFileReference; lastKnownFileType = audio.mp3; path = 202.mp3; sourceTree = "<group>"; };
		546310C12621118E00FA115C /* 119.mp3 */ = {isa = PBXFileReference; lastKnownFileType = audio.mp3; path = 119.mp3; sourceTree = "<group>"; };
		546310C22621118E00FA115C /* 200.mp3 */ = {isa = PBXFileReference; lastKnownFileType = audio.mp3; path = 200.mp3; sourceTree = "<group>"; };
		546310C32621118E00FA115C /* 146.mp3 */ = {isa = PBXFileReference; lastKnownFileType = audio.mp3; path = 146.mp3; sourceTree = "<group>"; };
		546310C42621118E00FA115C /* 187.mp3 */ = {isa = PBXFileReference; lastKnownFileType = audio.mp3; path = 187.mp3; sourceTree = "<group>"; };
		546310C52621118E00FA115C /* 199.mp3 */ = {isa = PBXFileReference; lastKnownFileType = audio.mp3; path = 199.mp3; sourceTree = "<group>"; };
		546310C62621118E00FA115C /* 192.mp3 */ = {isa = PBXFileReference; lastKnownFileType = audio.mp3; path = 192.mp3; sourceTree = "<group>"; };
		546310C72621118E00FA115C /* 198.mp3 */ = {isa = PBXFileReference; lastKnownFileType = audio.mp3; path = 198.mp3; sourceTree = "<group>"; };
		546310C82621118E00FA115C /* 188.mp3 */ = {isa = PBXFileReference; lastKnownFileType = audio.mp3; path = 188.mp3; sourceTree = "<group>"; };
		546310C92621118E00FA115C /* 209.mp3 */ = {isa = PBXFileReference; lastKnownFileType = audio.mp3; path = 209.mp3; sourceTree = "<group>"; };
		546310CA2621118E00FA115C /* 85.mp3 */ = {isa = PBXFileReference; lastKnownFileType = audio.mp3; path = 85.mp3; sourceTree = "<group>"; };
		546310CB2621118E00FA115C /* 206.mp3 */ = {isa = PBXFileReference; lastKnownFileType = audio.mp3; path = 206.mp3; sourceTree = "<group>"; };
		546310CC2621118F00FA115C /* 210.mp3 */ = {isa = PBXFileReference; lastKnownFileType = audio.mp3; path = 210.mp3; sourceTree = "<group>"; };
		546310CD2621118F00FA115C /* 71.mp3 */ = {isa = PBXFileReference; lastKnownFileType = audio.mp3; path = 71.mp3; sourceTree = "<group>"; };
		546310CE2621118F00FA115C /* 113.mp3 */ = {isa = PBXFileReference; lastKnownFileType = audio.mp3; path = 113.mp3; sourceTree = "<group>"; };
		546310CF2621118F00FA115C /* 63.mp3 */ = {isa = PBXFileReference; lastKnownFileType = audio.mp3; path = 63.mp3; sourceTree = "<group>"; };
		546310D02621118F00FA115C /* 212.mp3 */ = {isa = PBXFileReference; lastKnownFileType = audio.mp3; path = 212.mp3; sourceTree = "<group>"; };
		546310D12621118F00FA115C /* 42.mp3 */ = {isa = PBXFileReference; lastKnownFileType = audio.mp3; path = 42.mp3; sourceTree = "<group>"; };
		546310D22621118F00FA115C /* 183.mp3 */ = {isa = PBXFileReference; lastKnownFileType = audio.mp3; path = 183.mp3; sourceTree = "<group>"; };
		546310D32621118F00FA115C /* 154.mp3 */ = {isa = PBXFileReference; lastKnownFileType = audio.mp3; path = 154.mp3; sourceTree = "<group>"; };
		546B135A25DAFACD00CF2ED5 /* GraFon.app */ = {isa = PBXFileReference; explicitFileType = wrapper.application; includeInIndex = 0; path = GraFon.app; sourceTree = BUILT_PRODUCTS_DIR; };
		546B135D25DAFACD00CF2ED5 /* AppDelegate.swift */ = {isa = PBXFileReference; lastKnownFileType = sourcecode.swift; path = AppDelegate.swift; sourceTree = "<group>"; };
		546B135F25DAFACD00CF2ED5 /* SceneDelegate.swift */ = {isa = PBXFileReference; lastKnownFileType = sourcecode.swift; path = SceneDelegate.swift; sourceTree = "<group>"; };
		546B136725DAFACD00CF2ED5 /* GraFon.xcdatamodel */ = {isa = PBXFileReference; lastKnownFileType = wrapper.xcdatamodel; path = GraFon.xcdatamodel; sourceTree = "<group>"; };
		546B136925DAFACF00CF2ED5 /* Assets.xcassets */ = {isa = PBXFileReference; lastKnownFileType = folder.assetcatalog; path = Assets.xcassets; sourceTree = "<group>"; };
		546B136E25DAFACF00CF2ED5 /* Info.plist */ = {isa = PBXFileReference; lastKnownFileType = text.plist.xml; path = Info.plist; sourceTree = "<group>"; };
		546B137325DAFACF00CF2ED5 /* GraFonTests.xctest */ = {isa = PBXFileReference; explicitFileType = wrapper.cfbundle; includeInIndex = 0; path = GraFonTests.xctest; sourceTree = BUILT_PRODUCTS_DIR; };
		546B137725DAFACF00CF2ED5 /* GraFonTests.swift */ = {isa = PBXFileReference; lastKnownFileType = sourcecode.swift; path = GraFonTests.swift; sourceTree = "<group>"; };
		546B137925DAFACF00CF2ED5 /* Info.plist */ = {isa = PBXFileReference; lastKnownFileType = text.plist.xml; path = Info.plist; sourceTree = "<group>"; };
		546B139025DB262400CF2ED5 /* LaunchScreen.storyboard */ = {isa = PBXFileReference; lastKnownFileType = file.storyboard; path = LaunchScreen.storyboard; sourceTree = "<group>"; };
		546B139425DB379D00CF2ED5 /* PuertaCelda.swift */ = {isa = PBXFileReference; lastKnownFileType = sourcecode.swift; path = PuertaCelda.swift; sourceTree = "<group>"; };
		546B139625DB381400CF2ED5 /* Puerta.swift */ = {isa = PBXFileReference; lastKnownFileType = sourcecode.swift; path = Puerta.swift; sourceTree = "<group>"; };
		546B139825DB3DF400CF2ED5 /* PaginacionPuertasVC.swift */ = {isa = PBXFileReference; lastKnownFileType = sourcecode.swift; path = PaginacionPuertasVC.swift; sourceTree = "<group>"; };
		547A8BA22618B994002962CD /* PresentacionJuegoVC.swift */ = {isa = PBXFileReference; lastKnownFileType = sourcecode.swift; path = PresentacionJuegoVC.swift; sourceTree = "<group>"; };
		5492F89C25EA1CAD0006A960 /* CeldaMolde.swift */ = {isa = PBXFileReference; lastKnownFileType = sourcecode.swift; path = CeldaMolde.swift; sourceTree = "<group>"; };
		5495D75E25F97B7F00906AEA /* FonemaSeleccionadoVC.swift */ = {isa = PBXFileReference; lastKnownFileType = sourcecode.swift; path = FonemaSeleccionadoVC.swift; sourceTree = "<group>"; };
		54A0F884262676B300A6D308 /* PantallaJuegoSyS.swift */ = {isa = PBXFileReference; lastKnownFileType = sourcecode.swift; path = PantallaJuegoSyS.swift; sourceTree = "<group>"; };
		54A0F8872627317900A6D308 /* SySJuego1VC.swift */ = {isa = PBXFileReference; lastKnownFileType = sourcecode.swift; path = SySJuego1VC.swift; sourceTree = "<group>"; };
		54A0F88A2627337700A6D308 /* JuegoSySCelda.swift */ = {isa = PBXFileReference; lastKnownFileType = sourcecode.swift; path = JuegoSySCelda.swift; sourceTree = "<group>"; };
		54A0F88D262751C200A6D308 /* Letras.swift */ = {isa = PBXFileReference; lastKnownFileType = sourcecode.swift; path = Letras.swift; sourceTree = "<group>"; };
		54A0F88F2627562400A6D308 /* PalabrasEnBocaVC.swift */ = {isa = PBXFileReference; lastKnownFileType = sourcecode.swift; path = PalabrasEnBocaVC.swift; sourceTree = "<group>"; };
		54A0F8912627984D00A6D308 /* Alertas.swift */ = {isa = PBXFileReference; lastKnownFileType = sourcecode.swift; path = Alertas.swift; sourceTree = "<group>"; };
		54CD4DE325E0D429002D0006 /* MenuMoldeVC.swift */ = {isa = PBXFileReference; lastKnownFileType = sourcecode.swift; path = MenuMoldeVC.swift; sourceTree = "<group>"; };
		54F6993125F09ECC008F22DF /* FonemaPaginaCelda.swift */ = {isa = PBXFileReference; lastKnownFileType = sourcecode.swift; path = FonemaPaginaCelda.swift; sourceTree = "<group>"; };
		54F6993725F0AF02008F22DF /* Lines.swift */ = {isa = PBXFileReference; lastKnownFileType = sourcecode.swift; path = Lines.swift; sourceTree = "<group>"; };
		54F6993925F0C92D008F22DF /* Fonema.swift */ = {isa = PBXFileReference; lastKnownFileType = sourcecode.swift; path = Fonema.swift; sourceTree = "<group>"; };
/* End PBXFileReference section */

/* Begin PBXFrameworksBuildPhase section */
		546B135725DAFACD00CF2ED5 /* Frameworks */ = {
			isa = PBXFrameworksBuildPhase;
			buildActionMask = 2147483647;
			files = (
			);
			runOnlyForDeploymentPostprocessing = 0;
		};
		546B137025DAFACF00CF2ED5 /* Frameworks */ = {
			isa = PBXFrameworksBuildPhase;
			buildActionMask = 2147483647;
			files = (
			);
			runOnlyForDeploymentPostprocessing = 0;
		};
/* End PBXFrameworksBuildPhase section */

/* Begin PBXGroup section */
		5400C2AD262DE91E008F2D4A /* Base */ = {
			isa = PBXGroup;
			children = (
				546B135D25DAFACD00CF2ED5 /* AppDelegate.swift */,
				546B135F25DAFACD00CF2ED5 /* SceneDelegate.swift */,
				546B136E25DAFACF00CF2ED5 /* Info.plist */,
			);
			path = Base;
			sourceTree = "<group>";
		};
		540C42F225FB5EB40084FADD /* Sounds */ = {
			isa = PBXGroup;
			children = (
				546310AB2621118D00FA115C /* 15.mp3 */,
				546310AE2621118E00FA115C /* 33.mp3 */,
				546310A52621118D00FA115C /* 37.mp3 */,
				546310D12621118F00FA115C /* 42.mp3 */,
				546310BD2621118E00FA115C /* 51.mp3 */,
				546310CF2621118F00FA115C /* 63.mp3 */,
				546310CD2621118F00FA115C /* 71.mp3 */,
				546310A12621118D00FA115C /* 84.mp3 */,
				546310CA2621118E00FA115C /* 85.mp3 */,
				546310B72621118E00FA115C /* 99.mp3 */,
				546310A82621118D00FA115C /* 112.mp3 */,
				546310CE2621118F00FA115C /* 113.mp3 */,
				546310B22621118E00FA115C /* 115.mp3 */,
				546310C12621118E00FA115C /* 119.mp3 */,
				546310B52621118E00FA115C /* 121.mp3 */,
				546310AF2621118E00FA115C /* 135.mp3 */,
				546310C32621118E00FA115C /* 146.mp3 */,
				546310BC2621118E00FA115C /* 153.mp3 */,
				546310D32621118F00FA115C /* 154.mp3 */,
				546310A22621118D00FA115C /* 156.mp3 */,
				546310D22621118F00FA115C /* 183.mp3 */,
				546310B92621118E00FA115C /* 184.mp3 */,
				546310B42621118E00FA115C /* 185.mp3 */,
				546310A62621118D00FA115C /* 186.mp3 */,
				546310C42621118E00FA115C /* 187.mp3 */,
				546310C82621118E00FA115C /* 188.mp3 */,
				546310BF2621118E00FA115C /* 189.mp3 */,
				546310BB2621118E00FA115C /* 190.mp3 */,
				546310AA2621118D00FA115C /* 191.mp3 */,
				546310C62621118E00FA115C /* 192.mp3 */,
				546310B02621118E00FA115C /* 193.mp3 */,
				546310BE2621118E00FA115C /* 194.mp3 */,
				546310B62621118E00FA115C /* 195.mp3 */,
				546310AD2621118E00FA115C /* 196.mp3 */,
				546310A72621118D00FA115C /* 197.mp3 */,
				546310C72621118E00FA115C /* 198.mp3 */,
				546310C52621118E00FA115C /* 199.mp3 */,
				546310C22621118E00FA115C /* 200.mp3 */,
				546310AC2621118E00FA115C /* 201.mp3 */,
				546310C02621118E00FA115C /* 202.mp3 */,
				546310A32621118D00FA115C /* 203.mp3 */,
				546310A42621118D00FA115C /* 204.mp3 */,
				546310A92621118D00FA115C /* 205.mp3 */,
				546310CB2621118E00FA115C /* 206.mp3 */,
				546310B12621118E00FA115C /* 207.mp3 */,
				546310BA2621118E00FA115C /* 208.mp3 */,
				546310C92621118E00FA115C /* 209.mp3 */,
				546310CC2621118F00FA115C /* 210.mp3 */,
				546310B82621118E00FA115C /* 211.mp3 */,
				546310D02621118F00FA115C /* 212.mp3 */,
				546310B32621118E00FA115C /* 213.mp3 */,
			);
			path = Sounds;
			sourceTree = "<group>";
		};
		546B135125DAFACD00CF2ED5 = {
			isa = PBXGroup;
			children = (
				546B135C25DAFACD00CF2ED5 /* GraFon */,
				546B137625DAFACF00CF2ED5 /* GraFonTests */,
				546B135B25DAFACD00CF2ED5 /* Products */,
			);
			sourceTree = "<group>";
		};
		546B135B25DAFACD00CF2ED5 /* Products */ = {
			isa = PBXGroup;
			children = (
				546B135A25DAFACD00CF2ED5 /* GraFon.app */,
				546B137325DAFACF00CF2ED5 /* GraFonTests.xctest */,
			);
			name = Products;
			sourceTree = "<group>";
		};
		546B135C25DAFACD00CF2ED5 /* GraFon */ = {
			isa = PBXGroup;
			children = (
				5400C2AD262DE91E008F2D4A /* Base */,
				546B138325DAFD2F00CF2ED5 /* Model */,
				546B138B25DB007800CF2ED5 /* Views */,
				546B138525DAFD4F00CF2ED5 /* Extension */,
				546B138425DAFD3E00CF2ED5 /* CoreData */,
				546B138225DAFD2200CF2ED5 /* Controller */,
				546B136925DAFACF00CF2ED5 /* Assets.xcassets */,
				540C42F225FB5EB40084FADD /* Sounds */,
			);
			path = GraFon;
			sourceTree = "<group>";
		};
		546B137625DAFACF00CF2ED5 /* GraFonTests */ = {
			isa = PBXGroup;
			children = (
				546B137725DAFACF00CF2ED5 /* GraFonTests.swift */,
				546B137925DAFACF00CF2ED5 /* Info.plist */,
			);
			path = GraFonTests;
			sourceTree = "<group>";
		};
		546B138225DAFD2200CF2ED5 /* Controller */ = {
			isa = PBXGroup;
			children = (
				546B139825DB3DF400CF2ED5 /* PaginacionPuertasVC.swift */,
				54CD4DE325E0D429002D0006 /* MenuMoldeVC.swift */,
				54A0F8892627334900A6D308 /* SimbolosSonidos */,
				54A0F88C26274D4A00A6D308 /* Palabras */,
			);
			path = Controller;
			sourceTree = "<group>";
		};
		546B138325DAFD2F00CF2ED5 /* Model */ = {
			isa = PBXGroup;
			children = (
				546B139625DB381400CF2ED5 /* Puerta.swift */,
				54F6993925F0C92D008F22DF /* Fonema.swift */,
				5463109F26210C3E00FA115C /* Pareja.swift */,
				54A0F88D262751C200A6D308 /* Letras.swift */,
			);
			path = Model;
			sourceTree = "<group>";
		};
		546B138425DAFD3E00CF2ED5 /* CoreData */ = {
			isa = PBXGroup;
			children = (
				546B136625DAFACD00CF2ED5 /* GraFon.xcdatamodeld */,
			);
			path = CoreData;
			sourceTree = "<group>";
		};
		546B138525DAFD4F00CF2ED5 /* Extension */ = {
			isa = PBXGroup;
			children = (
				5421F0F225DB751B00B309FC /* Data.swift */,
				54F6993725F0AF02008F22DF /* Lines.swift */,
				546301F825FA025E00E005BC /* Colors.swift */,
				542D5AF52604E7CE0074927F /* imageButtons.swift */,
				54A0F8912627984D00A6D308 /* Alertas.swift */,
			);
			path = Extension;
			sourceTree = "<group>";
		};
		546B138B25DB007800CF2ED5 /* Views */ = {
			isa = PBXGroup;
			children = (
				546B139025DB262400CF2ED5 /* LaunchScreen.storyboard */,
				546B139425DB379D00CF2ED5 /* PuertaCelda.swift */,
				5492F89C25EA1CAD0006A960 /* CeldaMolde.swift */,
				54A0F886262676BD00A6D308 /* SimbolosSonidos */,
			);
			path = Views;
			sourceTree = "<group>";
		};
		54A0F886262676BD00A6D308 /* SimbolosSonidos */ = {
			isa = PBXGroup;
			children = (
				54F6993125F09ECC008F22DF /* FonemaPaginaCelda.swift */,
				54A0F884262676B300A6D308 /* PantallaJuegoSyS.swift */,
				54A0F88A2627337700A6D308 /* JuegoSySCelda.swift */,
			);
			path = SimbolosSonidos;
			sourceTree = "<group>";
		};
		54A0F8892627334900A6D308 /* SimbolosSonidos */ = {
			isa = PBXGroup;
			children = (
				5495D75E25F97B7F00906AEA /* FonemaSeleccionadoVC.swift */,
				547A8BA22618B994002962CD /* PresentacionJuegoVC.swift */,
				54A0F8872627317900A6D308 /* SySJuego1VC.swift */,
			);
			path = SimbolosSonidos;
			sourceTree = "<group>";
		};
		54A0F88C26274D4A00A6D308 /* Palabras */ = {
			isa = PBXGroup;
			children = (
				54A0F88F2627562400A6D308 /* PalabrasEnBocaVC.swift */,
			);
			path = Palabras;
			sourceTree = "<group>";
		};
/* End PBXGroup section */

/* Begin PBXNativeTarget section */
		546B135925DAFACD00CF2ED5 /* GraFon */ = {
			isa = PBXNativeTarget;
			buildConfigurationList = 546B137C25DAFACF00CF2ED5 /* Build configuration list for PBXNativeTarget "GraFon" */;
			buildPhases = (
				546B135625DAFACD00CF2ED5 /* Sources */,
				546B135725DAFACD00CF2ED5 /* Frameworks */,
				546B135825DAFACD00CF2ED5 /* Resources */,
			);
			buildRules = (
			);
			dependencies = (
			);
			name = GraFon;
			productName = GraFon;
			productReference = 546B135A25DAFACD00CF2ED5 /* GraFon.app */;
			productType = "com.apple.product-type.application";
		};
		546B137225DAFACF00CF2ED5 /* GraFonTests */ = {
			isa = PBXNativeTarget;
			buildConfigurationList = 546B137F25DAFACF00CF2ED5 /* Build configuration list for PBXNativeTarget "GraFonTests" */;
			buildPhases = (
				546B136F25DAFACF00CF2ED5 /* Sources */,
				546B137025DAFACF00CF2ED5 /* Frameworks */,
				546B137125DAFACF00CF2ED5 /* Resources */,
			);
			buildRules = (
			);
			dependencies = (
				546B137525DAFACF00CF2ED5 /* PBXTargetDependency */,
			);
			name = GraFonTests;
			productName = GraFonTests;
			productReference = 546B137325DAFACF00CF2ED5 /* GraFonTests.xctest */;
			productType = "com.apple.product-type.bundle.unit-test";
		};
/* End PBXNativeTarget section */

/* Begin PBXProject section */
		546B135225DAFACD00CF2ED5 /* Project object */ = {
			isa = PBXProject;
			attributes = {
				LastSwiftUpdateCheck = 1130;
				LastUpgradeCheck = 1130;
				ORGANIZATIONNAME = SamArtGS;
				TargetAttributes = {
					546B135925DAFACD00CF2ED5 = {
						CreatedOnToolsVersion = 11.3.1;
					};
					546B137225DAFACF00CF2ED5 = {
						CreatedOnToolsVersion = 11.3.1;
						TestTargetID = 546B135925DAFACD00CF2ED5;
					};
				};
			};
			buildConfigurationList = 546B135525DAFACD00CF2ED5 /* Build configuration list for PBXProject "GraFon" */;
			compatibilityVersion = "Xcode 10.0";
			developmentRegion = en;
			hasScannedForEncodings = 0;
			knownRegions = (
				en,
				Base,
			);
			mainGroup = 546B135125DAFACD00CF2ED5;
			productRefGroup = 546B135B25DAFACD00CF2ED5 /* Products */;
			projectDirPath = "";
			projectRoot = "";
			targets = (
				546B135925DAFACD00CF2ED5 /* GraFon */,
				546B137225DAFACF00CF2ED5 /* GraFonTests */,
			);
		};
/* End PBXProject section */

/* Begin PBXResourcesBuildPhase section */
		546B135825DAFACD00CF2ED5 /* Resources */ = {
			isa = PBXResourcesBuildPhase;
			buildActionMask = 2147483647;
			files = (
				546310FC2621118F00FA115C /* 209.mp3 in Resources */,
				546310FB2621118F00FA115C /* 188.mp3 in Resources */,
				546310EA2621118F00FA115C /* 99.mp3 in Resources */,
				546310F92621118F00FA115C /* 192.mp3 in Resources */,
				546310E32621118F00FA115C /* 193.mp3 in Resources */,
				546310DE2621118F00FA115C /* 15.mp3 in Resources */,
				546310F52621118F00FA115C /* 200.mp3 in Resources */,
				546310F12621118F00FA115C /* 194.mp3 in Resources */,
				546311032621118F00FA115C /* 212.mp3 in Resources */,
				546310DD2621118F00FA115C /* 191.mp3 in Resources */,
				546310F62621118F00FA115C /* 146.mp3 in Resources */,
				546310F32621118F00FA115C /* 202.mp3 in Resources */,
				546311002621118F00FA115C /* 71.mp3 in Resources */,
				546311052621118F00FA115C /* 183.mp3 in Resources */,
				546B136A25DAFACF00CF2ED5 /* Assets.xcassets in Resources */,
				546310E52621118F00FA115C /* 115.mp3 in Resources */,
				546310E72621118F00FA115C /* 185.mp3 in Resources */,
				546310EB2621118F00FA115C /* 211.mp3 in Resources */,
				546310D52621118F00FA115C /* 156.mp3 in Resources */,
				546B139125DB262400CF2ED5 /* LaunchScreen.storyboard in Resources */,
				546310DA2621118F00FA115C /* 197.mp3 in Resources */,
				546310E82621118F00FA115C /* 121.mp3 in Resources */,
				546311042621118F00FA115C /* 42.mp3 in Resources */,
				546310E22621118F00FA115C /* 135.mp3 in Resources */,
				546310D82621118F00FA115C /* 37.mp3 in Resources */,
				546310FE2621118F00FA115C /* 206.mp3 in Resources */,
				546310E92621118F00FA115C /* 195.mp3 in Resources */,
				546310ED2621118F00FA115C /* 208.mp3 in Resources */,
				546310D92621118F00FA115C /* 186.mp3 in Resources */,
				546311022621118F00FA115C /* 63.mp3 in Resources */,
				546310DF2621118F00FA115C /* 201.mp3 in Resources */,
				546310F42621118F00FA115C /* 119.mp3 in Resources */,
				546310F72621118F00FA115C /* 187.mp3 in Resources */,
				546310EF2621118F00FA115C /* 153.mp3 in Resources */,
				546310DC2621118F00FA115C /* 205.mp3 in Resources */,
				546310FD2621118F00FA115C /* 85.mp3 in Resources */,
				546311062621118F00FA115C /* 154.mp3 in Resources */,
				546310E12621118F00FA115C /* 33.mp3 in Resources */,
				546310EE2621118F00FA115C /* 190.mp3 in Resources */,
				546310F02621118F00FA115C /* 51.mp3 in Resources */,
				546310FF2621118F00FA115C /* 210.mp3 in Resources */,
				546310F22621118F00FA115C /* 189.mp3 in Resources */,
				546310F82621118F00FA115C /* 199.mp3 in Resources */,
				546310D72621118F00FA115C /* 204.mp3 in Resources */,
				546310E62621118F00FA115C /* 213.mp3 in Resources */,
				546310DB2621118F00FA115C /* 112.mp3 in Resources */,
				546310E02621118F00FA115C /* 196.mp3 in Resources */,
				546311012621118F00FA115C /* 113.mp3 in Resources */,
				546310D42621118F00FA115C /* 84.mp3 in Resources */,
				546310FA2621118F00FA115C /* 198.mp3 in Resources */,
				546310EC2621118F00FA115C /* 184.mp3 in Resources */,
				546310D62621118F00FA115C /* 203.mp3 in Resources */,
				546310E42621118F00FA115C /* 207.mp3 in Resources */,
			);
			runOnlyForDeploymentPostprocessing = 0;
		};
		546B137125DAFACF00CF2ED5 /* Resources */ = {
			isa = PBXResourcesBuildPhase;
			buildActionMask = 2147483647;
			files = (
			);
			runOnlyForDeploymentPostprocessing = 0;
		};
/* End PBXResourcesBuildPhase section */

/* Begin PBXSourcesBuildPhase section */
		546B135625DAFACD00CF2ED5 /* Sources */ = {
			isa = PBXSourcesBuildPhase;
			buildActionMask = 2147483647;
			files = (
				54F6993225F09ECC008F22DF /* FonemaPaginaCelda.swift in Sources */,
				546301F925FA025E00E005BC /* Colors.swift in Sources */,
				5492F89D25EA1CAD0006A960 /* CeldaMolde.swift in Sources */,
				5495D75F25F97B7F00906AEA /* FonemaSeleccionadoVC.swift in Sources */,
				546B136825DAFACD00CF2ED5 /* GraFon.xcdatamodeld in Sources */,
				54A0F8882627317900A6D308 /* SySJuego1VC.swift in Sources */,
				546310A026210C3E00FA115C /* Pareja.swift in Sources */,
				54A0F8902627562400A6D308 /* PalabrasEnBocaVC.swift in Sources */,
				546B139725DB381400CF2ED5 /* Puerta.swift in Sources */,
				54CD4DE425E0D429002D0006 /* MenuMoldeVC.swift in Sources */,
				546B139925DB3DF400CF2ED5 /* PaginacionPuertasVC.swift in Sources */,
				54A0F885262676B300A6D308 /* PantallaJuegoSyS.swift in Sources */,
				546B139525DB379D00CF2ED5 /* PuertaCelda.swift in Sources */,
				547A8BA32618B994002962CD /* PresentacionJuegoVC.swift in Sources */,
				54A0F88E262751C200A6D308 /* Letras.swift in Sources */,
				546B135E25DAFACD00CF2ED5 /* AppDelegate.swift in Sources */,
				54F6993A25F0C92D008F22DF /* Fonema.swift in Sources */,
				54F6993825F0AF02008F22DF /* Lines.swift in Sources */,
				54A0F8922627984D00A6D308 /* Alertas.swift in Sources */,
				5421F0F325DB751B00B309FC /* Data.swift in Sources */,
				542D5AF62604E7CE0074927F /* imageButtons.swift in Sources */,
				54A0F88B2627337700A6D308 /* JuegoSySCelda.swift in Sources */,
				546B136025DAFACD00CF2ED5 /* SceneDelegate.swift in Sources */,
			);
			runOnlyForDeploymentPostprocessing = 0;
		};
		546B136F25DAFACF00CF2ED5 /* Sources */ = {
			isa = PBXSourcesBuildPhase;
			buildActionMask = 2147483647;
			files = (
				546B137825DAFACF00CF2ED5 /* GraFonTests.swift in Sources */,
			);
			runOnlyForDeploymentPostprocessing = 0;
		};
/* End PBXSourcesBuildPhase section */

/* Begin PBXTargetDependency section */
		546B137525DAFACF00CF2ED5 /* PBXTargetDependency */ = {
			isa = PBXTargetDependency;
			target = 546B135925DAFACD00CF2ED5 /* GraFon */;
			targetProxy = 546B137425DAFACF00CF2ED5 /* PBXContainerItemProxy */;
		};
/* End PBXTargetDependency section */

/* Begin XCBuildConfiguration section */
		546B137A25DAFACF00CF2ED5 /* Debug */ = {
			isa = XCBuildConfiguration;
			buildSettings = {
				ALWAYS_SEARCH_USER_PATHS = NO;
				CLANG_ANALYZER_NONNULL = YES;
				CLANG_ANALYZER_NUMBER_OBJECT_CONVERSION = YES_AGGRESSIVE;
				CLANG_CXX_LANGUAGE_STANDARD = "gnu++14";
				CLANG_CXX_LIBRARY = "libc++";
				CLANG_ENABLE_MODULES = YES;
				CLANG_ENABLE_OBJC_ARC = YES;
				CLANG_ENABLE_OBJC_WEAK = YES;
				CLANG_WARN_BLOCK_CAPTURE_AUTORELEASING = YES;
				CLANG_WARN_BOOL_CONVERSION = YES;
				CLANG_WARN_COMMA = YES;
				CLANG_WARN_CONSTANT_CONVERSION = YES;
				CLANG_WARN_DEPRECATED_OBJC_IMPLEMENTATIONS = YES;
				CLANG_WARN_DIRECT_OBJC_ISA_USAGE = YES_ERROR;
				CLANG_WARN_DOCUMENTATION_COMMENTS = YES;
				CLANG_WARN_EMPTY_BODY = YES;
				CLANG_WARN_ENUM_CONVERSION = YES;
				CLANG_WARN_INFINITE_RECURSION = YES;
				CLANG_WARN_INT_CONVERSION = YES;
				CLANG_WARN_NON_LITERAL_NULL_CONVERSION = YES;
				CLANG_WARN_OBJC_IMPLICIT_RETAIN_SELF = YES;
				CLANG_WARN_OBJC_LITERAL_CONVERSION = YES;
				CLANG_WARN_OBJC_ROOT_CLASS = YES_ERROR;
				CLANG_WARN_RANGE_LOOP_ANALYSIS = YES;
				CLANG_WARN_STRICT_PROTOTYPES = YES;
				CLANG_WARN_SUSPICIOUS_MOVE = YES;
				CLANG_WARN_UNGUARDED_AVAILABILITY = YES_AGGRESSIVE;
				CLANG_WARN_UNREACHABLE_CODE = YES;
				CLANG_WARN__DUPLICATE_METHOD_MATCH = YES;
				COPY_PHASE_STRIP = NO;
				DEBUG_INFORMATION_FORMAT = dwarf;
				ENABLE_STRICT_OBJC_MSGSEND = YES;
				ENABLE_TESTABILITY = YES;
				GCC_C_LANGUAGE_STANDARD = gnu11;
				GCC_DYNAMIC_NO_PIC = NO;
				GCC_NO_COMMON_BLOCKS = YES;
				GCC_OPTIMIZATION_LEVEL = 0;
				GCC_PREPROCESSOR_DEFINITIONS = (
					"DEBUG=1",
					"$(inherited)",
				);
				GCC_WARN_64_TO_32_BIT_CONVERSION = YES;
				GCC_WARN_ABOUT_RETURN_TYPE = YES_ERROR;
				GCC_WARN_UNDECLARED_SELECTOR = YES;
				GCC_WARN_UNINITIALIZED_AUTOS = YES_AGGRESSIVE;
				GCC_WARN_UNUSED_FUNCTION = YES;
				GCC_WARN_UNUSED_VARIABLE = YES;
				IPHONEOS_DEPLOYMENT_TARGET = 13.0;
				MTL_ENABLE_DEBUG_INFO = INCLUDE_SOURCE;
				MTL_FAST_MATH = YES;
				ONLY_ACTIVE_ARCH = YES;
				SDKROOT = iphoneos;
				SWIFT_ACTIVE_COMPILATION_CONDITIONS = DEBUG;
				SWIFT_OPTIMIZATION_LEVEL = "-Onone";
			};
			name = Debug;
		};
		546B137B25DAFACF00CF2ED5 /* Release */ = {
			isa = XCBuildConfiguration;
			buildSettings = {
				ALWAYS_SEARCH_USER_PATHS = NO;
				CLANG_ANALYZER_NONNULL = YES;
				CLANG_ANALYZER_NUMBER_OBJECT_CONVERSION = YES_AGGRESSIVE;
				CLANG_CXX_LANGUAGE_STANDARD = "gnu++14";
				CLANG_CXX_LIBRARY = "libc++";
				CLANG_ENABLE_MODULES = YES;
				CLANG_ENABLE_OBJC_ARC = YES;
				CLANG_ENABLE_OBJC_WEAK = YES;
				CLANG_WARN_BLOCK_CAPTURE_AUTORELEASING = YES;
				CLANG_WARN_BOOL_CONVERSION = YES;
				CLANG_WARN_COMMA = YES;
				CLANG_WARN_CONSTANT_CONVERSION = YES;
				CLANG_WARN_DEPRECATED_OBJC_IMPLEMENTATIONS = YES;
				CLANG_WARN_DIRECT_OBJC_ISA_USAGE = YES_ERROR;
				CLANG_WARN_DOCUMENTATION_COMMENTS = YES;
				CLANG_WARN_EMPTY_BODY = YES;
				CLANG_WARN_ENUM_CONVERSION = YES;
				CLANG_WARN_INFINITE_RECURSION = YES;
				CLANG_WARN_INT_CONVERSION = YES;
				CLANG_WARN_NON_LITERAL_NULL_CONVERSION = YES;
				CLANG_WARN_OBJC_IMPLICIT_RETAIN_SELF = YES;
				CLANG_WARN_OBJC_LITERAL_CONVERSION = YES;
				CLANG_WARN_OBJC_ROOT_CLASS = YES_ERROR;
				CLANG_WARN_RANGE_LOOP_ANALYSIS = YES;
				CLANG_WARN_STRICT_PROTOTYPES = YES;
				CLANG_WARN_SUSPICIOUS_MOVE = YES;
				CLANG_WARN_UNGUARDED_AVAILABILITY = YES_AGGRESSIVE;
				CLANG_WARN_UNREACHABLE_CODE = YES;
				CLANG_WARN__DUPLICATE_METHOD_MATCH = YES;
				COPY_PHASE_STRIP = NO;
				DEBUG_INFORMATION_FORMAT = "dwarf-with-dsym";
				ENABLE_NS_ASSERTIONS = NO;
				ENABLE_STRICT_OBJC_MSGSEND = YES;
				GCC_C_LANGUAGE_STANDARD = gnu11;
				GCC_NO_COMMON_BLOCKS = YES;
				GCC_WARN_64_TO_32_BIT_CONVERSION = YES;
				GCC_WARN_ABOUT_RETURN_TYPE = YES_ERROR;
				GCC_WARN_UNDECLARED_SELECTOR = YES;
				GCC_WARN_UNINITIALIZED_AUTOS = YES_AGGRESSIVE;
				GCC_WARN_UNUSED_FUNCTION = YES;
				GCC_WARN_UNUSED_VARIABLE = YES;
				IPHONEOS_DEPLOYMENT_TARGET = 13.0;
				MTL_ENABLE_DEBUG_INFO = NO;
				MTL_FAST_MATH = YES;
				SDKROOT = iphoneos;
				SWIFT_COMPILATION_MODE = wholemodule;
				SWIFT_OPTIMIZATION_LEVEL = "-O";
				VALIDATE_PRODUCT = YES;
			};
			name = Release;
		};
		546B137D25DAFACF00CF2ED5 /* Debug */ = {
			isa = XCBuildConfiguration;
			buildSettings = {
				ASSETCATALOG_COMPILER_APPICON_NAME = AppIcon;
				CODE_SIGN_STYLE = Automatic;
				DEVELOPMENT_TEAM = FDTCRD4BVY;
				INFOPLIST_FILE = GraFon/Base/Info.plist;
				IPHONEOS_DEPLOYMENT_TARGET = 12.1;
				LD_RUNPATH_SEARCH_PATHS = (
					"$(inherited)",
					"@executable_path/Frameworks",
				);
				PRODUCT_BUNDLE_IDENTIFIER = SamArtGS.GraFon;
				PRODUCT_NAME = "$(TARGET_NAME)";
				SWIFT_VERSION = 5.0;
				TARGETED_DEVICE_FAMILY = "1,2";
			};
			name = Debug;
		};
		546B137E25DAFACF00CF2ED5 /* Release */ = {
			isa = XCBuildConfiguration;
			buildSettings = {
				ASSETCATALOG_COMPILER_APPICON_NAME = AppIcon;
				CODE_SIGN_STYLE = Automatic;
				DEVELOPMENT_TEAM = FDTCRD4BVY;
				INFOPLIST_FILE = GraFon/Base/Info.plist;
				IPHONEOS_DEPLOYMENT_TARGET = 12.1;
				LD_RUNPATH_SEARCH_PATHS = (
					"$(inherited)",
					"@executable_path/Frameworks",
				);
				PRODUCT_BUNDLE_IDENTIFIER = SamArtGS.GraFon;
				PRODUCT_NAME = "$(TARGET_NAME)";
				SWIFT_VERSION = 5.0;
				TARGETED_DEVICE_FAMILY = "1,2";
			};
			name = Release;
		};
		546B138025DAFACF00CF2ED5 /* Debug */ = {
			isa = XCBuildConfiguration;
			buildSettings = {
				ALWAYS_EMBED_SWIFT_STANDARD_LIBRARIES = YES;
				BUNDLE_LOADER = "$(TEST_HOST)";
				CODE_SIGN_STYLE = Automatic;
				DEVELOPMENT_TEAM = FDTCRD4BVY;
				INFOPLIST_FILE = GraFonTests/Info.plist;
				IPHONEOS_DEPLOYMENT_TARGET = 13.2;
				LD_RUNPATH_SEARCH_PATHS = (
					"$(inherited)",
					"@executable_path/Frameworks",
					"@loader_path/Frameworks",
				);
				PRODUCT_BUNDLE_IDENTIFIER = SamArtGS.GraFonTests;
				PRODUCT_NAME = "$(TARGET_NAME)";
				SWIFT_VERSION = 5.0;
				TARGETED_DEVICE_FAMILY = "1,2";
				TEST_HOST = "$(BUILT_PRODUCTS_DIR)/GraFon.app/GraFon";
			};
			name = Debug;
		};
		546B138125DAFACF00CF2ED5 /* Release */ = {
			isa = XCBuildConfiguration;
			buildSettings = {
				ALWAYS_EMBED_SWIFT_STANDARD_LIBRARIES = YES;
				BUNDLE_LOADER = "$(TEST_HOST)";
				CODE_SIGN_STYLE = Automatic;
				DEVELOPMENT_TEAM = FDTCRD4BVY;
				INFOPLIST_FILE = GraFonTests/Info.plist;
				IPHONEOS_DEPLOYMENT_TARGET = 13.2;
				LD_RUNPATH_SEARCH_PATHS = (
					"$(inherited)",
					"@executable_path/Frameworks",
					"@loader_path/Frameworks",
				);
				PRODUCT_BUNDLE_IDENTIFIER = SamArtGS.GraFonTests;
				PRODUCT_NAME = "$(TARGET_NAME)";
				SWIFT_VERSION = 5.0;
				TARGETED_DEVICE_FAMILY = "1,2";
				TEST_HOST = "$(BUILT_PRODUCTS_DIR)/GraFon.app/GraFon";
			};
			name = Release;
		};
/* End XCBuildConfiguration section */

/* Begin XCConfigurationList section */
		546B135525DAFACD00CF2ED5 /* Build configuration list for PBXProject "GraFon" */ = {
			isa = XCConfigurationList;
			buildConfigurations = (
				546B137A25DAFACF00CF2ED5 /* Debug */,
				546B137B25DAFACF00CF2ED5 /* Release */,
			);
			defaultConfigurationIsVisible = 0;
			defaultConfigurationName = Release;
		};
		546B137C25DAFACF00CF2ED5 /* Build configuration list for PBXNativeTarget "GraFon" */ = {
			isa = XCConfigurationList;
			buildConfigurations = (
				546B137D25DAFACF00CF2ED5 /* Debug */,
				546B137E25DAFACF00CF2ED5 /* Release */,
			);
			defaultConfigurationIsVisible = 0;
			defaultConfigurationName = Release;
		};
		546B137F25DAFACF00CF2ED5 /* Build configuration list for PBXNativeTarget "GraFonTests" */ = {
			isa = XCConfigurationList;
			buildConfigurations = (
				546B138025DAFACF00CF2ED5 /* Debug */,
				546B138125DAFACF00CF2ED5 /* Release */,
			);
			defaultConfigurationIsVisible = 0;
			defaultConfigurationName = Release;
		};
/* End XCConfigurationList section */

/* Begin XCVersionGroup section */
		546B136625DAFACD00CF2ED5 /* GraFon.xcdatamodeld */ = {
			isa = XCVersionGroup;
			children = (
				546B136725DAFACD00CF2ED5 /* GraFon.xcdatamodel */,
			);
			currentVersion = 546B136725DAFACD00CF2ED5 /* GraFon.xcdatamodel */;
			path = GraFon.xcdatamodeld;
			sourceTree = "<group>";
			versionGroupType = wrapper.xcdatamodel;
		};
/* End XCVersionGroup section */
	};
	rootObject = 546B135225DAFACD00CF2ED5 /* Project object */;
}
