// !$*UTF8*$!
{
	archiveVersion = 1;
	classes = {
	};
	objectVersion = 51;
	objects = {

/* Begin PBXBuildFile section */
		5400C2AF262E32E2008F2D4A /* TabBarTeoriaJuegos.swift in Sources */ = {isa = PBXBuildFile; fileRef = 5400C2AE262E32E2008F2D4A /* TabBarTeoriaJuegos.swift */; };
		5400C2B1262E33A5008F2D4A /* TabBars.swift in Sources */ = {isa = PBXBuildFile; fileRef = 5400C2B0262E33A5008F2D4A /* TabBars.swift */; };
		5421F0F325DB751B00B309FC /* Data.swift in Sources */ = {isa = PBXBuildFile; fileRef = 5421F0F225DB751B00B309FC /* Data.swift */; };
		542D5AF62604E7CE0074927F /* imageButtons.swift in Sources */ = {isa = PBXBuildFile; fileRef = 542D5AF52604E7CE0074927F /* imageButtons.swift */; };
		546301F925FA025E00E005BC /* Colors.swift in Sources */ = {isa = PBXBuildFile; fileRef = 546301F825FA025E00E005BC /* Colors.swift */; };
		546310A026210C3E00FA115C /* Pareja.swift in Sources */ = {isa = PBXBuildFile; fileRef = 5463109F26210C3E00FA115C /* Pareja.swift */; };
		546B135E25DAFACD00CF2ED5 /* AppDelegate.swift in Sources */ = {isa = PBXBuildFile; fileRef = 546B135D25DAFACD00CF2ED5 /* AppDelegate.swift */; };
		546B136025DAFACD00CF2ED5 /* SceneDelegate.swift in Sources */ = {isa = PBXBuildFile; fileRef = 546B135F25DAFACD00CF2ED5 /* SceneDelegate.swift */; };
		546B136825DAFACD00CF2ED5 /* GraFon.xcdatamodeld in Sources */ = {isa = PBXBuildFile; fileRef = 546B136625DAFACD00CF2ED5 /* GraFon.xcdatamodeld */; };
		546B136A25DAFACF00CF2ED5 /* Assets.xcassets in Resources */ = {isa = PBXBuildFile; fileRef = 546B136925DAFACF00CF2ED5 /* Assets.xcassets */; };
		546B137825DAFACF00CF2ED5 /* GraFonTests.swift in Sources */ = {isa = PBXBuildFile; fileRef = 546B137725DAFACF00CF2ED5 /* GraFonTests.swift */; };
		546B139125DB262400CF2ED5 /* LaunchScreen.storyboard in Resources */ = {isa = PBXBuildFile; fileRef = 546B139025DB262400CF2ED5 /* LaunchScreen.storyboard */; };
		546B139525DB379D00CF2ED5 /* PuertaCelda.swift in Sources */ = {isa = PBXBuildFile; fileRef = 546B139425DB379D00CF2ED5 /* PuertaCelda.swift */; };
		546B139725DB381400CF2ED5 /* Puerta.swift in Sources */ = {isa = PBXBuildFile; fileRef = 546B139625DB381400CF2ED5 /* Puerta.swift */; };
		546B139925DB3DF400CF2ED5 /* PaginacionPuertasVC.swift in Sources */ = {isa = PBXBuildFile; fileRef = 546B139825DB3DF400CF2ED5 /* PaginacionPuertasVC.swift */; };
		547A8BA32618B994002962CD /* PresentacionJuegoController.swift in Sources */ = {isa = PBXBuildFile; fileRef = 547A8BA22618B994002962CD /* PresentacionJuegoController.swift */; };
		5492F89D25EA1CAD0006A960 /* CeldaGenerica.swift in Sources */ = {isa = PBXBuildFile; fileRef = 5492F89C25EA1CAD0006A960 /* CeldaGenerica.swift */; };
		5495D75F25F97B7F00906AEA /* FonemaSeleccionadoController.swift in Sources */ = {isa = PBXBuildFile; fileRef = 5495D75E25F97B7F00906AEA /* FonemaSeleccionadoController.swift */; };
		54A0F885262676B300A6D308 /* PantallaJuegoSyS.swift in Sources */ = {isa = PBXBuildFile; fileRef = 54A0F884262676B300A6D308 /* PantallaJuegoSyS.swift */; };
		54A0F8882627317900A6D308 /* SySJuegoController.swift in Sources */ = {isa = PBXBuildFile; fileRef = 54A0F8872627317900A6D308 /* SySJuegoController.swift */; };
		54A0F88B2627337700A6D308 /* CeldaJuegoSyS.swift in Sources */ = {isa = PBXBuildFile; fileRef = 54A0F88A2627337700A6D308 /* CeldaJuegoSyS.swift */; };
		54A0F88E262751C200A6D308 /* Letras.swift in Sources */ = {isa = PBXBuildFile; fileRef = 54A0F88D262751C200A6D308 /* Letras.swift */; };
		54A0F8902627562400A6D308 /* PalabrasEnBocaVC.swift in Sources */ = {isa = PBXBuildFile; fileRef = 54A0F88F2627562400A6D308 /* PalabrasEnBocaVC.swift */; };
		54A0F8922627984D00A6D308 /* Alertas.swift in Sources */ = {isa = PBXBuildFile; fileRef = 54A0F8912627984D00A6D308 /* Alertas.swift */; };
		54CD4DE425E0D429002D0006 /* MenuMoldeVC.swift in Sources */ = {isa = PBXBuildFile; fileRef = 54CD4DE325E0D429002D0006 /* MenuMoldeVC.swift */; };
		54DC9F682636046B003D4F68 /* SeleccionarNivelController.swift in Sources */ = {isa = PBXBuildFile; fileRef = 54DC9F672636046B003D4F68 /* SeleccionarNivelController.swift */; };
		54DC9FDC26364CAE003D4F68 /* 140.mp3 in Resources */ = {isa = PBXBuildFile; fileRef = 54DC9F6C26364CAE003D4F68 /* 140.mp3 */; };
		54DC9FDD26364CAE003D4F68 /* 154.mp3 in Resources */ = {isa = PBXBuildFile; fileRef = 54DC9F6D26364CAE003D4F68 /* 154.mp3 */; };
		54DC9FDE26364CAE003D4F68 /* 183.mp3 in Resources */ = {isa = PBXBuildFile; fileRef = 54DC9F6E26364CAE003D4F68 /* 183.mp3 */; };
		54DC9FDF26364CAE003D4F68 /* 197.mp3 in Resources */ = {isa = PBXBuildFile; fileRef = 54DC9F6F26364CAE003D4F68 /* 197.mp3 */; };
		54DC9FE026364CAE003D4F68 /* 54.mp3 in Resources */ = {isa = PBXBuildFile; fileRef = 54DC9F7026364CAE003D4F68 /* 54.mp3 */; };
		54DC9FE126364CAE003D4F68 /* 68.mp3 in Resources */ = {isa = PBXBuildFile; fileRef = 54DC9F7126364CAE003D4F68 /* 68.mp3 */; };
		54DC9FE226364CAE003D4F68 /* 196.mp3 in Resources */ = {isa = PBXBuildFile; fileRef = 54DC9F7226364CAE003D4F68 /* 196.mp3 */; };
		54DC9FE326364CAE003D4F68 /* 182.mp3 in Resources */ = {isa = PBXBuildFile; fileRef = 54DC9F7326364CAE003D4F68 /* 182.mp3 */; };
		54DC9FE426364CAE003D4F68 /* 169.mp3 in Resources */ = {isa = PBXBuildFile; fileRef = 54DC9F7426364CAE003D4F68 /* 169.mp3 */; };
		54DC9FE526364CAE003D4F68 /* 83.mp3 in Resources */ = {isa = PBXBuildFile; fileRef = 54DC9F7526364CAE003D4F68 /* 83.mp3 */; };
		54DC9FE626364CAE003D4F68 /* 155.mp3 in Resources */ = {isa = PBXBuildFile; fileRef = 54DC9F7626364CAE003D4F68 /* 155.mp3 */; };
		54DC9FE726364CAE003D4F68 /* 141.mp3 in Resources */ = {isa = PBXBuildFile; fileRef = 54DC9F7726364CAE003D4F68 /* 141.mp3 */; };
		54DC9FE826364CAE003D4F68 /* 209.mp3 in Resources */ = {isa = PBXBuildFile; fileRef = 54DC9F7826364CAE003D4F68 /* 209.mp3 */; };
		54DC9FE926364CAE003D4F68 /* 143.mp3 in Resources */ = {isa = PBXBuildFile; fileRef = 54DC9F7926364CAE003D4F68 /* 143.mp3 */; };
		54DC9FEA26364CAE003D4F68 /* 194.mp3 in Resources */ = {isa = PBXBuildFile; fileRef = 54DC9F7A26364CAE003D4F68 /* 194.mp3 */; };
		54DC9FEB26364CAE003D4F68 /* 180.mp3 in Resources */ = {isa = PBXBuildFile; fileRef = 54DC9F7B26364CAE003D4F68 /* 180.mp3 */; };
		54DC9FEC26364CAE003D4F68 /* 42.mp3 in Resources */ = {isa = PBXBuildFile; fileRef = 54DC9F7C26364CAE003D4F68 /* 42.mp3 */; };
		54DC9FED26364CAE003D4F68 /* 195.mp3 in Resources */ = {isa = PBXBuildFile; fileRef = 54DC9F7D26364CAE003D4F68 /* 195.mp3 */; };
		54DC9FEE26364CAE003D4F68 /* 94.mp3 in Resources */ = {isa = PBXBuildFile; fileRef = 54DC9F7E26364CAE003D4F68 /* 94.mp3 */; };
		54DC9FEF26364CAE003D4F68 /* 156.mp3 in Resources */ = {isa = PBXBuildFile; fileRef = 54DC9F7F26364CAE003D4F68 /* 156.mp3 */; };
		54DC9FF026364CAE003D4F68 /* 208.mp3 in Resources */ = {isa = PBXBuildFile; fileRef = 54DC9F8026364CAE003D4F68 /* 208.mp3 */; };
		54DC9FF126364CAE003D4F68 /* 84.mp3 in Resources */ = {isa = PBXBuildFile; fileRef = 54DC9F8126364CAE003D4F68 /* 84.mp3 */; };
		54DC9FF226364CAE003D4F68 /* 146.mp3 in Resources */ = {isa = PBXBuildFile; fileRef = 54DC9F8226364CAE003D4F68 /* 146.mp3 */; };
		54DC9FF326364CAE003D4F68 /* 53.mp3 in Resources */ = {isa = PBXBuildFile; fileRef = 54DC9F8326364CAE003D4F68 /* 53.mp3 */; };
		54DC9FF426364CAE003D4F68 /* 1.mp3 in Resources */ = {isa = PBXBuildFile; fileRef = 54DC9F8426364CAE003D4F68 /* 1.mp3 */; };
		54DC9FF526364CAE003D4F68 /* 191.mp3 in Resources */ = {isa = PBXBuildFile; fileRef = 54DC9F8526364CAE003D4F68 /* 191.mp3 */; };
		54DC9FF626364CAE003D4F68 /* 185.mp3 in Resources */ = {isa = PBXBuildFile; fileRef = 54DC9F8626364CAE003D4F68 /* 185.mp3 */; };
		54DC9FF726364CAE003D4F68 /* 184.mp3 in Resources */ = {isa = PBXBuildFile; fileRef = 54DC9F8726364CAE003D4F68 /* 184.mp3 */; };
		54DC9FF826364CAE003D4F68 /* 190.mp3 in Resources */ = {isa = PBXBuildFile; fileRef = 54DC9F8826364CAE003D4F68 /* 190.mp3 */; };
		54DC9FF926364CAE003D4F68 /* 52.mp3 in Resources */ = {isa = PBXBuildFile; fileRef = 54DC9F8926364CAE003D4F68 /* 52.mp3 */; };
		54DC9FFA26364CAE003D4F68 /* 153.mp3 in Resources */ = {isa = PBXBuildFile; fileRef = 54DC9F8A26364CAE003D4F68 /* 153.mp3 */; };
		54DC9FFB26364CAE003D4F68 /* 85.mp3 in Resources */ = {isa = PBXBuildFile; fileRef = 54DC9F8B26364CAE003D4F68 /* 85.mp3 */; };
		54DC9FFC26364CAE003D4F68 /* 179.mp3 in Resources */ = {isa = PBXBuildFile; fileRef = 54DC9F8C26364CAE003D4F68 /* 179.mp3 */; };
		54DC9FFD26364CAE003D4F68 /* 151.mp3 in Resources */ = {isa = PBXBuildFile; fileRef = 54DC9F8D26364CAE003D4F68 /* 151.mp3 */; };
		54DC9FFE26364CAE003D4F68 /* 50.mp3 in Resources */ = {isa = PBXBuildFile; fileRef = 54DC9F8E26364CAE003D4F68 /* 50.mp3 */; };
		54DC9FFF26364CAE003D4F68 /* 78.mp3 in Resources */ = {isa = PBXBuildFile; fileRef = 54DC9F8F26364CAE003D4F68 /* 78.mp3 */; };
		54DCA00026364CAE003D4F68 /* 186.mp3 in Resources */ = {isa = PBXBuildFile; fileRef = 54DC9F9026364CAE003D4F68 /* 186.mp3 */; };
		54DCA00126364CAE003D4F68 /* 192.mp3 in Resources */ = {isa = PBXBuildFile; fileRef = 54DC9F9126364CAE003D4F68 /* 192.mp3 */; };
		54DCA00226364CAE003D4F68 /* 193.mp3 in Resources */ = {isa = PBXBuildFile; fileRef = 54DC9F9226364CAE003D4F68 /* 193.mp3 */; };
		54DCA00326364CAE003D4F68 /* 187.mp3 in Resources */ = {isa = PBXBuildFile; fileRef = 54DC9F9326364CAE003D4F68 /* 187.mp3 */; };
		54DCA00426364CAE003D4F68 /* 51.mp3 in Resources */ = {isa = PBXBuildFile; fileRef = 54DC9F9426364CAE003D4F68 /* 51.mp3 */; };
		54DCA00526364CAE003D4F68 /* 45.mp3 in Resources */ = {isa = PBXBuildFile; fileRef = 54DC9F9526364CAE003D4F68 /* 45.mp3 */; };
		54DCA00626364CAE003D4F68 /* 144.mp3 in Resources */ = {isa = PBXBuildFile; fileRef = 54DC9F9626364CAE003D4F68 /* 144.mp3 */; };
		54DCA00726364CAE003D4F68 /* 92.mp3 in Resources */ = {isa = PBXBuildFile; fileRef = 54DC9F9726364CAE003D4F68 /* 92.mp3 */; };
		54DCA00826364CAE003D4F68 /* 86.mp3 in Resources */ = {isa = PBXBuildFile; fileRef = 54DC9F9826364CAE003D4F68 /* 86.mp3 */; };
		54DCA00926364CAE003D4F68 /* 123.mp3 in Resources */ = {isa = PBXBuildFile; fileRef = 54DC9F9926364CAE003D4F68 /* 123.mp3 */; };
		54DCA00A26364CAE003D4F68 /* 137.mp3 in Resources */ = {isa = PBXBuildFile; fileRef = 54DC9F9A26364CAE003D4F68 /* 137.mp3 */; };
		54DCA00B26364CAE003D4F68 /* 22.mp3 in Resources */ = {isa = PBXBuildFile; fileRef = 54DC9F9B26364CAE003D4F68 /* 22.mp3 */; };
		54DCA00C26364CAE003D4F68 /* 37.mp3 in Resources */ = {isa = PBXBuildFile; fileRef = 54DC9F9C26364CAE003D4F68 /* 37.mp3 */; };
		54DCA00D26364CAE003D4F68 /* 120.mp3 in Resources */ = {isa = PBXBuildFile; fileRef = 54DC9F9D26364CAE003D4F68 /* 120.mp3 */; };
		54DCA00E26364CAE003D4F68 /* 34.mp3 in Resources */ = {isa = PBXBuildFile; fileRef = 54DC9F9E26364CAE003D4F68 /* 34.mp3 */; };
		54DCA00F26364CAE003D4F68 /* 121.mp3 in Resources */ = {isa = PBXBuildFile; fileRef = 54DC9F9F26364CAE003D4F68 /* 121.mp3 */; };
		54DCA01026364CAE003D4F68 /* 135.mp3 in Resources */ = {isa = PBXBuildFile; fileRef = 54DC9FA026364CAE003D4F68 /* 135.mp3 */; };
		54DCA01126364CAE003D4F68 /* 119.mp3 in Resources */ = {isa = PBXBuildFile; fileRef = 54DC9FA126364CAE003D4F68 /* 119.mp3 */; };
		54DCA01226364CAE003D4F68 /* 125.mp3 in Resources */ = {isa = PBXBuildFile; fileRef = 54DC9FA226364CAE003D4F68 /* 125.mp3 */; };
		54DCA01326364CAE003D4F68 /* 30.mp3 in Resources */ = {isa = PBXBuildFile; fileRef = 54DC9FA326364CAE003D4F68 /* 30.mp3 */; };
		54DCA01426364CAE003D4F68 /* 18.mp3 in Resources */ = {isa = PBXBuildFile; fileRef = 54DC9FA426364CAE003D4F68 /* 18.mp3 */; };
		54DCA01526364CAE003D4F68 /* 124.mp3 in Resources */ = {isa = PBXBuildFile; fileRef = 54DC9FA526364CAE003D4F68 /* 124.mp3 */; };
		54DCA01626364CAE003D4F68 /* 118.mp3 in Resources */ = {isa = PBXBuildFile; fileRef = 54DC9FA626364CAE003D4F68 /* 118.mp3 */; };
		54DCA01726364CAE003D4F68 /* 126.mp3 in Resources */ = {isa = PBXBuildFile; fileRef = 54DC9FA726364CAE003D4F68 /* 126.mp3 */; };
		54DCA01826364CAE003D4F68 /* 132.mp3 in Resources */ = {isa = PBXBuildFile; fileRef = 54DC9FA826364CAE003D4F68 /* 132.mp3 */; };
		54DCA01926364CAE003D4F68 /* 27.mp3 in Resources */ = {isa = PBXBuildFile; fileRef = 54DC9FA926364CAE003D4F68 /* 27.mp3 */; };
		54DCA01A26364CAE003D4F68 /* 33.mp3 in Resources */ = {isa = PBXBuildFile; fileRef = 54DC9FAA26364CAE003D4F68 /* 33.mp3 */; };
		54DCA01B26364CAE003D4F68 /* 32.mp3 in Resources */ = {isa = PBXBuildFile; fileRef = 54DC9FAB26364CAE003D4F68 /* 32.mp3 */; };
		54DCA01C26364CAE003D4F68 /* 133.mp3 in Resources */ = {isa = PBXBuildFile; fileRef = 54DC9FAC26364CAE003D4F68 /* 133.mp3 */; };
		54DCA01D26364CAE003D4F68 /* 16.mp3 in Resources */ = {isa = PBXBuildFile; fileRef = 54DC9FAD26364CAE003D4F68 /* 16.mp3 */; };
		54DCA01E26364CAE003D4F68 /* 117.mp3 in Resources */ = {isa = PBXBuildFile; fileRef = 54DC9FAE26364CAE003D4F68 /* 117.mp3 */; };
		54DCA01F26364CAE003D4F68 /* 103.mp3 in Resources */ = {isa = PBXBuildFile; fileRef = 54DC9FAF26364CAE003D4F68 /* 103.mp3 */; };
		54DCA02026364CAE003D4F68 /* 115.mp3 in Resources */ = {isa = PBXBuildFile; fileRef = 54DC9FB026364CAE003D4F68 /* 115.mp3 */; };
		54DCA02126364CAE003D4F68 /* 28.mp3 in Resources */ = {isa = PBXBuildFile; fileRef = 54DC9FB126364CAE003D4F68 /* 28.mp3 */; };
		54DCA02226364CAE003D4F68 /* 15.mp3 in Resources */ = {isa = PBXBuildFile; fileRef = 54DC9FB226364CAE003D4F68 /* 15.mp3 */; };
		54DCA02326364CAE003D4F68 /* 104.mp3 in Resources */ = {isa = PBXBuildFile; fileRef = 54DC9FB326364CAE003D4F68 /* 104.mp3 */; };
		54DCA02426364CAE003D4F68 /* 107.mp3 in Resources */ = {isa = PBXBuildFile; fileRef = 54DC9FB426364CAE003D4F68 /* 107.mp3 */; };
		54DCA02526364CAE003D4F68 /* 113.mp3 in Resources */ = {isa = PBXBuildFile; fileRef = 54DC9FB526364CAE003D4F68 /* 113.mp3 */; };
		54DCA02626364CAE003D4F68 /* 12.mp3 in Resources */ = {isa = PBXBuildFile; fileRef = 54DC9FB626364CAE003D4F68 /* 12.mp3 */; };
		54DCA02726364CAE003D4F68 /* 112.mp3 in Resources */ = {isa = PBXBuildFile; fileRef = 54DC9FB726364CAE003D4F68 /* 112.mp3 */; };
		54DCA02826364CAE003D4F68 /* 203.mp3 in Resources */ = {isa = PBXBuildFile; fileRef = 54DC9FB826364CAE003D4F68 /* 203.mp3 */; };
		54DCA02926364CAE003D4F68 /* 161.mp3 in Resources */ = {isa = PBXBuildFile; fileRef = 54DC9FB926364CAE003D4F68 /* 161.mp3 */; };
		54DCA02A26364CAE003D4F68 /* 174.mp3 in Resources */ = {isa = PBXBuildFile; fileRef = 54DC9FBA26364CAE003D4F68 /* 174.mp3 */; };
		54DCA02B26364CAE003D4F68 /* 202.mp3 in Resources */ = {isa = PBXBuildFile; fileRef = 54DC9FBB26364CAE003D4F68 /* 202.mp3 */; };
		54DCA02C26364CAE003D4F68 /* 216.mp3 in Resources */ = {isa = PBXBuildFile; fileRef = 54DC9FBC26364CAE003D4F68 /* 216.mp3 */; };
		54DCA02D26364CAE003D4F68 /* 200.mp3 in Resources */ = {isa = PBXBuildFile; fileRef = 54DC9FBD26364CAE003D4F68 /* 200.mp3 */; };
		54DCA02E26364CAE003D4F68 /* 214.mp3 in Resources */ = {isa = PBXBuildFile; fileRef = 54DC9FBE26364CAE003D4F68 /* 214.mp3 */; };
		54DCA02F26364CAE003D4F68 /* 176.mp3 in Resources */ = {isa = PBXBuildFile; fileRef = 54DC9FBF26364CAE003D4F68 /* 176.mp3 */; };
		54DCA03026364CAE003D4F68 /* 162.mp3 in Resources */ = {isa = PBXBuildFile; fileRef = 54DC9FC026364CAE003D4F68 /* 162.mp3 */; };
		54DCA03126364CAE003D4F68 /* 189.mp3 in Resources */ = {isa = PBXBuildFile; fileRef = 54DC9FC126364CAE003D4F68 /* 189.mp3 */; };
		54DCA03226364CAE003D4F68 /* 63.mp3 in Resources */ = {isa = PBXBuildFile; fileRef = 54DC9FC226364CAE003D4F68 /* 63.mp3 */; };
		54DCA03326364CAE003D4F68 /* 188.mp3 in Resources */ = {isa = PBXBuildFile; fileRef = 54DC9FC326364CAE003D4F68 /* 188.mp3 */; };
		54DCA03426364CAE003D4F68 /* 76.mp3 in Resources */ = {isa = PBXBuildFile; fileRef = 54DC9FC426364CAE003D4F68 /* 76.mp3 */; };
		54DCA03526364CAE003D4F68 /* 163.mp3 in Resources */ = {isa = PBXBuildFile; fileRef = 54DC9FC526364CAE003D4F68 /* 163.mp3 */; };
		54DCA03626364CAE003D4F68 /* 177.mp3 in Resources */ = {isa = PBXBuildFile; fileRef = 54DC9FC626364CAE003D4F68 /* 177.mp3 */; };
		54DCA03726364CAE003D4F68 /* 215.mp3 in Resources */ = {isa = PBXBuildFile; fileRef = 54DC9FC726364CAE003D4F68 /* 215.mp3 */; };
		54DCA03826364CAE003D4F68 /* 201.mp3 in Resources */ = {isa = PBXBuildFile; fileRef = 54DC9FC826364CAE003D4F68 /* 201.mp3 */; };
		54DCA03926364CAE003D4F68 /* 205.mp3 in Resources */ = {isa = PBXBuildFile; fileRef = 54DC9FC926364CAE003D4F68 /* 205.mp3 */; };
		54DCA03A26364CAE003D4F68 /* 211.mp3 in Resources */ = {isa = PBXBuildFile; fileRef = 54DC9FCA26364CAE003D4F68 /* 211.mp3 */; };
		54DCA03B26364CAE003D4F68 /* 173.mp3 in Resources */ = {isa = PBXBuildFile; fileRef = 54DC9FCB26364CAE003D4F68 /* 173.mp3 */; };
		54DCA03C26364CAE003D4F68 /* 99.mp3 in Resources */ = {isa = PBXBuildFile; fileRef = 54DC9FCC26364CAE003D4F68 /* 99.mp3 */; };
		54DCA03D26364CAE003D4F68 /* 72.mp3 in Resources */ = {isa = PBXBuildFile; fileRef = 54DC9FCD26364CAE003D4F68 /* 72.mp3 */; };
		54DCA03E26364CAE003D4F68 /* 198.mp3 in Resources */ = {isa = PBXBuildFile; fileRef = 54DC9FCE26364CAE003D4F68 /* 198.mp3 */; };
		54DCA03F26364CAE003D4F68 /* 199.mp3 in Resources */ = {isa = PBXBuildFile; fileRef = 54DC9FCF26364CAE003D4F68 /* 199.mp3 */; };
		54DCA04026364CAE003D4F68 /* 166.mp3 in Resources */ = {isa = PBXBuildFile; fileRef = 54DC9FD026364CAE003D4F68 /* 166.mp3 */; };
		54DCA04126364CAE003D4F68 /* 172.mp3 in Resources */ = {isa = PBXBuildFile; fileRef = 54DC9FD126364CAE003D4F68 /* 172.mp3 */; };
		54DCA04226364CAE003D4F68 /* 210.mp3 in Resources */ = {isa = PBXBuildFile; fileRef = 54DC9FD226364CAE003D4F68 /* 210.mp3 */; };
		54DCA04326364CAE003D4F68 /* 204.mp3 in Resources */ = {isa = PBXBuildFile; fileRef = 54DC9FD326364CAE003D4F68 /* 204.mp3 */; };
		54DCA04426364CAE003D4F68 /* 212.mp3 in Resources */ = {isa = PBXBuildFile; fileRef = 54DC9FD426364CAE003D4F68 /* 212.mp3 */; };
		54DCA04526364CAE003D4F68 /* 206.mp3 in Resources */ = {isa = PBXBuildFile; fileRef = 54DC9FD526364CAE003D4F68 /* 206.mp3 */; };
		54DCA04626364CAE003D4F68 /* 164.mp3 in Resources */ = {isa = PBXBuildFile; fileRef = 54DC9FD626364CAE003D4F68 /* 164.mp3 */; };
		54DCA04726364CAE003D4F68 /* 71.mp3 in Resources */ = {isa = PBXBuildFile; fileRef = 54DC9FD726364CAE003D4F68 /* 71.mp3 */; };
		54DCA04826364CAE003D4F68 /* 70.mp3 in Resources */ = {isa = PBXBuildFile; fileRef = 54DC9FD826364CAE003D4F68 /* 70.mp3 */; };
		54DCA04926364CAE003D4F68 /* 171.mp3 in Resources */ = {isa = PBXBuildFile; fileRef = 54DC9FD926364CAE003D4F68 /* 171.mp3 */; };
		54DCA04A26364CAE003D4F68 /* 207.mp3 in Resources */ = {isa = PBXBuildFile; fileRef = 54DC9FDA26364CAE003D4F68 /* 207.mp3 */; };
		54DCA04B26364CAE003D4F68 /* 213.mp3 in Resources */ = {isa = PBXBuildFile; fileRef = 54DC9FDB26364CAE003D4F68 /* 213.mp3 */; };
		54DCA04D26365AFA003D4F68 /* PantallaResultados.swift in Sources */ = {isa = PBXBuildFile; fileRef = 54DCA04C26365AFA003D4F68 /* PantallaResultados.swift */; };
		54DCA04F26366A84003D4F68 /* Fuentes.swift in Sources */ = {isa = PBXBuildFile; fileRef = 54DCA04E26366A84003D4F68 /* Fuentes.swift */; };
		54DCA05526367AE2003D4F68 /* HalfModalTransitionAnimator.swift in Sources */ = {isa = PBXBuildFile; fileRef = 54DCA05126367AE1003D4F68 /* HalfModalTransitionAnimator.swift */; };
		54DCA05626367AE2003D4F68 /* HalfModalInteractiveTransition.swift in Sources */ = {isa = PBXBuildFile; fileRef = 54DCA05226367AE1003D4F68 /* HalfModalInteractiveTransition.swift */; };
		54DCA05726367AE2003D4F68 /* HalfModalTransitionDelegate.swift in Sources */ = {isa = PBXBuildFile; fileRef = 54DCA05326367AE1003D4F68 /* HalfModalTransitionDelegate.swift */; };
		54DCA05826367AE2003D4F68 /* HalfModalPresentation.swift in Sources */ = {isa = PBXBuildFile; fileRef = 54DCA05426367AE2003D4F68 /* HalfModalPresentation.swift */; };
		54F6993225F09ECC008F22DF /* CeldaFonemaPagina.swift in Sources */ = {isa = PBXBuildFile; fileRef = 54F6993125F09ECC008F22DF /* CeldaFonemaPagina.swift */; };
		54F6993825F0AF02008F22DF /* Lines.swift in Sources */ = {isa = PBXBuildFile; fileRef = 54F6993725F0AF02008F22DF /* Lines.swift */; };
		54F6993A25F0C92D008F22DF /* Fonema.swift in Sources */ = {isa = PBXBuildFile; fileRef = 54F6993925F0C92D008F22DF /* Fonema.swift */; };
		54FF64EB2634C1DF000C9037 /* Protocolos.swift in Sources */ = {isa = PBXBuildFile; fileRef = 54FF64EA2634C1DF000C9037 /* Protocolos.swift */; };
/* End PBXBuildFile section */

/* Begin PBXContainerItemProxy section */
		546B137425DAFACF00CF2ED5 /* PBXContainerItemProxy */ = {
			isa = PBXContainerItemProxy;
			containerPortal = 546B135225DAFACD00CF2ED5 /* Project object */;
			proxyType = 1;
			remoteGlobalIDString = 546B135925DAFACD00CF2ED5;
			remoteInfo = GraFon;
		};
/* End PBXContainerItemProxy section */

/* Begin PBXFileReference section */
		5400C2AE262E32E2008F2D4A /* TabBarTeoriaJuegos.swift */ = {isa = PBXFileReference; lastKnownFileType = sourcecode.swift; path = TabBarTeoriaJuegos.swift; sourceTree = "<group>"; };
		5400C2B0262E33A5008F2D4A /* TabBars.swift */ = {isa = PBXFileReference; lastKnownFileType = sourcecode.swift; path = TabBars.swift; sourceTree = "<group>"; };
		5421F0F225DB751B00B309FC /* Data.swift */ = {isa = PBXFileReference; lastKnownFileType = sourcecode.swift; path = Data.swift; sourceTree = "<group>"; };
		542D5AF52604E7CE0074927F /* imageButtons.swift */ = {isa = PBXFileReference; lastKnownFileType = sourcecode.swift; path = imageButtons.swift; sourceTree = "<group>"; };
		546301F825FA025E00E005BC /* Colors.swift */ = {isa = PBXFileReference; lastKnownFileType = sourcecode.swift; path = Colors.swift; sourceTree = "<group>"; };
		5463109F26210C3E00FA115C /* Pareja.swift */ = {isa = PBXFileReference; lastKnownFileType = sourcecode.swift; path = Pareja.swift; sourceTree = "<group>"; };
		546B135A25DAFACD00CF2ED5 /* GraFon.app */ = {isa = PBXFileReference; explicitFileType = wrapper.application; includeInIndex = 0; path = GraFon.app; sourceTree = BUILT_PRODUCTS_DIR; };
		546B135D25DAFACD00CF2ED5 /* AppDelegate.swift */ = {isa = PBXFileReference; lastKnownFileType = sourcecode.swift; path = AppDelegate.swift; sourceTree = "<group>"; };
		546B135F25DAFACD00CF2ED5 /* SceneDelegate.swift */ = {isa = PBXFileReference; lastKnownFileType = sourcecode.swift; path = SceneDelegate.swift; sourceTree = "<group>"; };
		546B136725DAFACD00CF2ED5 /* GraFon.xcdatamodel */ = {isa = PBXFileReference; lastKnownFileType = wrapper.xcdatamodel; path = GraFon.xcdatamodel; sourceTree = "<group>"; };
		546B136925DAFACF00CF2ED5 /* Assets.xcassets */ = {isa = PBXFileReference; lastKnownFileType = folder.assetcatalog; path = Assets.xcassets; sourceTree = "<group>"; };
		546B136E25DAFACF00CF2ED5 /* Info.plist */ = {isa = PBXFileReference; lastKnownFileType = text.plist.xml; path = Info.plist; sourceTree = "<group>"; };
		546B137325DAFACF00CF2ED5 /* GraFonTests.xctest */ = {isa = PBXFileReference; explicitFileType = wrapper.cfbundle; includeInIndex = 0; path = GraFonTests.xctest; sourceTree = BUILT_PRODUCTS_DIR; };
		546B137725DAFACF00CF2ED5 /* GraFonTests.swift */ = {isa = PBXFileReference; lastKnownFileType = sourcecode.swift; path = GraFonTests.swift; sourceTree = "<group>"; };
		546B137925DAFACF00CF2ED5 /* Info.plist */ = {isa = PBXFileReference; lastKnownFileType = text.plist.xml; path = Info.plist; sourceTree = "<group>"; };
		546B139025DB262400CF2ED5 /* LaunchScreen.storyboard */ = {isa = PBXFileReference; lastKnownFileType = file.storyboard; path = LaunchScreen.storyboard; sourceTree = "<group>"; };
		546B139425DB379D00CF2ED5 /* PuertaCelda.swift */ = {isa = PBXFileReference; lastKnownFileType = sourcecode.swift; path = PuertaCelda.swift; sourceTree = "<group>"; };
		546B139625DB381400CF2ED5 /* Puerta.swift */ = {isa = PBXFileReference; lastKnownFileType = sourcecode.swift; path = Puerta.swift; sourceTree = "<group>"; };
		546B139825DB3DF400CF2ED5 /* PaginacionPuertasVC.swift */ = {isa = PBXFileReference; lastKnownFileType = sourcecode.swift; path = PaginacionPuertasVC.swift; sourceTree = "<group>"; };
		547A8BA22618B994002962CD /* PresentacionJuegoController.swift */ = {isa = PBXFileReference; lastKnownFileType = sourcecode.swift; path = PresentacionJuegoController.swift; sourceTree = "<group>"; };
		5492F89C25EA1CAD0006A960 /* CeldaGenerica.swift */ = {isa = PBXFileReference; lastKnownFileType = sourcecode.swift; path = CeldaGenerica.swift; sourceTree = "<group>"; };
		5495D75E25F97B7F00906AEA /* FonemaSeleccionadoController.swift */ = {isa = PBXFileReference; lastKnownFileType = sourcecode.swift; path = FonemaSeleccionadoController.swift; sourceTree = "<group>"; };
		54A0F884262676B300A6D308 /* PantallaJuegoSyS.swift */ = {isa = PBXFileReference; lastKnownFileType = sourcecode.swift; path = PantallaJuegoSyS.swift; sourceTree = "<group>"; };
		54A0F8872627317900A6D308 /* SySJuegoController.swift */ = {isa = PBXFileReference; lastKnownFileType = sourcecode.swift; path = SySJuegoController.swift; sourceTree = "<group>"; };
		54A0F88A2627337700A6D308 /* CeldaJuegoSyS.swift */ = {isa = PBXFileReference; lastKnownFileType = sourcecode.swift; path = CeldaJuegoSyS.swift; sourceTree = "<group>"; };
		54A0F88D262751C200A6D308 /* Letras.swift */ = {isa = PBXFileReference; lastKnownFileType = sourcecode.swift; path = Letras.swift; sourceTree = "<group>"; };
		54A0F88F2627562400A6D308 /* PalabrasEnBocaVC.swift */ = {isa = PBXFileReference; lastKnownFileType = sourcecode.swift; path = PalabrasEnBocaVC.swift; sourceTree = "<group>"; };
		54A0F8912627984D00A6D308 /* Alertas.swift */ = {isa = PBXFileReference; lastKnownFileType = sourcecode.swift; path = Alertas.swift; sourceTree = "<group>"; };
		54CD4DE325E0D429002D0006 /* MenuMoldeVC.swift */ = {isa = PBXFileReference; lastKnownFileType = sourcecode.swift; path = MenuMoldeVC.swift; sourceTree = "<group>"; };
		54DC9F672636046B003D4F68 /* SeleccionarNivelController.swift */ = {isa = PBXFileReference; lastKnownFileType = sourcecode.swift; path = SeleccionarNivelController.swift; sourceTree = "<group>"; };
		54DC9F6C26364CAE003D4F68 /* 140.mp3 */ = {isa = PBXFileReference; lastKnownFileType = audio.mp3; path = 140.mp3; sourceTree = "<group>"; };
		54DC9F6D26364CAE003D4F68 /* 154.mp3 */ = {isa = PBXFileReference; lastKnownFileType = audio.mp3; path = 154.mp3; sourceTree = "<group>"; };
		54DC9F6E26364CAE003D4F68 /* 183.mp3 */ = {isa = PBXFileReference; lastKnownFileType = audio.mp3; path = 183.mp3; sourceTree = "<group>"; };
		54DC9F6F26364CAE003D4F68 /* 197.mp3 */ = {isa = PBXFileReference; lastKnownFileType = audio.mp3; path = 197.mp3; sourceTree = "<group>"; };
		54DC9F7026364CAE003D4F68 /* 54.mp3 */ = {isa = PBXFileReference; lastKnownFileType = audio.mp3; path = 54.mp3; sourceTree = "<group>"; };
		54DC9F7126364CAE003D4F68 /* 68.mp3 */ = {isa = PBXFileReference; lastKnownFileType = audio.mp3; path = 68.mp3; sourceTree = "<group>"; };
		54DC9F7226364CAE003D4F68 /* 196.mp3 */ = {isa = PBXFileReference; lastKnownFileType = audio.mp3; path = 196.mp3; sourceTree = "<group>"; };
		54DC9F7326364CAE003D4F68 /* 182.mp3 */ = {isa = PBXFileReference; lastKnownFileType = audio.mp3; path = 182.mp3; sourceTree = "<group>"; };
		54DC9F7426364CAE003D4F68 /* 169.mp3 */ = {isa = PBXFileReference; lastKnownFileType = audio.mp3; path = 169.mp3; sourceTree = "<group>"; };
		54DC9F7526364CAE003D4F68 /* 83.mp3 */ = {isa = PBXFileReference; lastKnownFileType = audio.mp3; path = 83.mp3; sourceTree = "<group>"; };
		54DC9F7626364CAE003D4F68 /* 155.mp3 */ = {isa = PBXFileReference; lastKnownFileType = audio.mp3; path = 155.mp3; sourceTree = "<group>"; };
		54DC9F7726364CAE003D4F68 /* 141.mp3 */ = {isa = PBXFileReference; lastKnownFileType = audio.mp3; path = 141.mp3; sourceTree = "<group>"; };
		54DC9F7826364CAE003D4F68 /* 209.mp3 */ = {isa = PBXFileReference; lastKnownFileType = audio.mp3; path = 209.mp3; sourceTree = "<group>"; };
		54DC9F7926364CAE003D4F68 /* 143.mp3 */ = {isa = PBXFileReference; lastKnownFileType = audio.mp3; path = 143.mp3; sourceTree = "<group>"; };
		54DC9F7A26364CAE003D4F68 /* 194.mp3 */ = {isa = PBXFileReference; lastKnownFileType = audio.mp3; path = 194.mp3; sourceTree = "<group>"; };
		54DC9F7B26364CAE003D4F68 /* 180.mp3 */ = {isa = PBXFileReference; lastKnownFileType = audio.mp3; path = 180.mp3; sourceTree = "<group>"; };
		54DC9F7C26364CAE003D4F68 /* 42.mp3 */ = {isa = PBXFileReference; lastKnownFileType = audio.mp3; path = 42.mp3; sourceTree = "<group>"; };
		54DC9F7D26364CAE003D4F68 /* 195.mp3 */ = {isa = PBXFileReference; lastKnownFileType = audio.mp3; path = 195.mp3; sourceTree = "<group>"; };
		54DC9F7E26364CAE003D4F68 /* 94.mp3 */ = {isa = PBXFileReference; lastKnownFileType = audio.mp3; path = 94.mp3; sourceTree = "<group>"; };
		54DC9F7F26364CAE003D4F68 /* 156.mp3 */ = {isa = PBXFileReference; lastKnownFileType = audio.mp3; path = 156.mp3; sourceTree = "<group>"; };
		54DC9F8026364CAE003D4F68 /* 208.mp3 */ = {isa = PBXFileReference; lastKnownFileType = audio.mp3; path = 208.mp3; sourceTree = "<group>"; };
		54DC9F8126364CAE003D4F68 /* 84.mp3 */ = {isa = PBXFileReference; lastKnownFileType = audio.mp3; path = 84.mp3; sourceTree = "<group>"; };
		54DC9F8226364CAE003D4F68 /* 146.mp3 */ = {isa = PBXFileReference; lastKnownFileType = audio.mp3; path = 146.mp3; sourceTree = "<group>"; };
		54DC9F8326364CAE003D4F68 /* 53.mp3 */ = {isa = PBXFileReference; lastKnownFileType = audio.mp3; path = 53.mp3; sourceTree = "<group>"; };
		54DC9F8426364CAE003D4F68 /* 1.mp3 */ = {isa = PBXFileReference; lastKnownFileType = audio.mp3; path = 1.mp3; sourceTree = "<group>"; };
		54DC9F8526364CAE003D4F68 /* 191.mp3 */ = {isa = PBXFileReference; lastKnownFileType = audio.mp3; path = 191.mp3; sourceTree = "<group>"; };
		54DC9F8626364CAE003D4F68 /* 185.mp3 */ = {isa = PBXFileReference; lastKnownFileType = audio.mp3; path = 185.mp3; sourceTree = "<group>"; };
		54DC9F8726364CAE003D4F68 /* 184.mp3 */ = {isa = PBXFileReference; lastKnownFileType = audio.mp3; path = 184.mp3; sourceTree = "<group>"; };
		54DC9F8826364CAE003D4F68 /* 190.mp3 */ = {isa = PBXFileReference; lastKnownFileType = audio.mp3; path = 190.mp3; sourceTree = "<group>"; };
		54DC9F8926364CAE003D4F68 /* 52.mp3 */ = {isa = PBXFileReference; lastKnownFileType = audio.mp3; path = 52.mp3; sourceTree = "<group>"; };
		54DC9F8A26364CAE003D4F68 /* 153.mp3 */ = {isa = PBXFileReference; lastKnownFileType = audio.mp3; path = 153.mp3; sourceTree = "<group>"; };
		54DC9F8B26364CAE003D4F68 /* 85.mp3 */ = {isa = PBXFileReference; lastKnownFileType = audio.mp3; path = 85.mp3; sourceTree = "<group>"; };
		54DC9F8C26364CAE003D4F68 /* 179.mp3 */ = {isa = PBXFileReference; lastKnownFileType = audio.mp3; path = 179.mp3; sourceTree = "<group>"; };
		54DC9F8D26364CAE003D4F68 /* 151.mp3 */ = {isa = PBXFileReference; lastKnownFileType = audio.mp3; path = 151.mp3; sourceTree = "<group>"; };
		54DC9F8E26364CAE003D4F68 /* 50.mp3 */ = {isa = PBXFileReference; lastKnownFileType = audio.mp3; path = 50.mp3; sourceTree = "<group>"; };
		54DC9F8F26364CAE003D4F68 /* 78.mp3 */ = {isa = PBXFileReference; lastKnownFileType = audio.mp3; path = 78.mp3; sourceTree = "<group>"; };
		54DC9F9026364CAE003D4F68 /* 186.mp3 */ = {isa = PBXFileReference; lastKnownFileType = audio.mp3; path = 186.mp3; sourceTree = "<group>"; };
		54DC9F9126364CAE003D4F68 /* 192.mp3 */ = {isa = PBXFileReference; lastKnownFileType = audio.mp3; path = 192.mp3; sourceTree = "<group>"; };
		54DC9F9226364CAE003D4F68 /* 193.mp3 */ = {isa = PBXFileReference; lastKnownFileType = audio.mp3; path = 193.mp3; sourceTree = "<group>"; };
		54DC9F9326364CAE003D4F68 /* 187.mp3 */ = {isa = PBXFileReference; lastKnownFileType = audio.mp3; path = 187.mp3; sourceTree = "<group>"; };
		54DC9F9426364CAE003D4F68 /* 51.mp3 */ = {isa = PBXFileReference; lastKnownFileType = audio.mp3; path = 51.mp3; sourceTree = "<group>"; };
		54DC9F9526364CAE003D4F68 /* 45.mp3 */ = {isa = PBXFileReference; lastKnownFileType = audio.mp3; path = 45.mp3; sourceTree = "<group>"; };
		54DC9F9626364CAE003D4F68 /* 144.mp3 */ = {isa = PBXFileReference; lastKnownFileType = audio.mp3; path = 144.mp3; sourceTree = "<group>"; };
		54DC9F9726364CAE003D4F68 /* 92.mp3 */ = {isa = PBXFileReference; lastKnownFileType = audio.mp3; path = 92.mp3; sourceTree = "<group>"; };
		54DC9F9826364CAE003D4F68 /* 86.mp3 */ = {isa = PBXFileReference; lastKnownFileType = audio.mp3; path = 86.mp3; sourceTree = "<group>"; };
		54DC9F9926364CAE003D4F68 /* 123.mp3 */ = {isa = PBXFileReference; lastKnownFileType = audio.mp3; path = 123.mp3; sourceTree = "<group>"; };
		54DC9F9A26364CAE003D4F68 /* 137.mp3 */ = {isa = PBXFileReference; lastKnownFileType = audio.mp3; path = 137.mp3; sourceTree = "<group>"; };
		54DC9F9B26364CAE003D4F68 /* 22.mp3 */ = {isa = PBXFileReference; lastKnownFileType = audio.mp3; path = 22.mp3; sourceTree = "<group>"; };
		54DC9F9C26364CAE003D4F68 /* 37.mp3 */ = {isa = PBXFileReference; lastKnownFileType = audio.mp3; path = 37.mp3; sourceTree = "<group>"; };
		54DC9F9D26364CAE003D4F68 /* 120.mp3 */ = {isa = PBXFileReference; lastKnownFileType = audio.mp3; path = 120.mp3; sourceTree = "<group>"; };
		54DC9F9E26364CAE003D4F68 /* 34.mp3 */ = {isa = PBXFileReference; lastKnownFileType = audio.mp3; path = 34.mp3; sourceTree = "<group>"; };
		54DC9F9F26364CAE003D4F68 /* 121.mp3 */ = {isa = PBXFileReference; lastKnownFileType = audio.mp3; path = 121.mp3; sourceTree = "<group>"; };
		54DC9FA026364CAE003D4F68 /* 135.mp3 */ = {isa = PBXFileReference; lastKnownFileType = audio.mp3; path = 135.mp3; sourceTree = "<group>"; };
		54DC9FA126364CAE003D4F68 /* 119.mp3 */ = {isa = PBXFileReference; lastKnownFileType = audio.mp3; path = 119.mp3; sourceTree = "<group>"; };
		54DC9FA226364CAE003D4F68 /* 125.mp3 */ = {isa = PBXFileReference; lastKnownFileType = audio.mp3; path = 125.mp3; sourceTree = "<group>"; };
		54DC9FA326364CAE003D4F68 /* 30.mp3 */ = {isa = PBXFileReference; lastKnownFileType = audio.mp3; path = 30.mp3; sourceTree = "<group>"; };
		54DC9FA426364CAE003D4F68 /* 18.mp3 */ = {isa = PBXFileReference; lastKnownFileType = audio.mp3; path = 18.mp3; sourceTree = "<group>"; };
		54DC9FA526364CAE003D4F68 /* 124.mp3 */ = {isa = PBXFileReference; lastKnownFileType = audio.mp3; path = 124.mp3; sourceTree = "<group>"; };
		54DC9FA626364CAE003D4F68 /* 118.mp3 */ = {isa = PBXFileReference; lastKnownFileType = audio.mp3; path = 118.mp3; sourceTree = "<group>"; };
		54DC9FA726364CAE003D4F68 /* 126.mp3 */ = {isa = PBXFileReference; lastKnownFileType = audio.mp3; path = 126.mp3; sourceTree = "<group>"; };
		54DC9FA826364CAE003D4F68 /* 132.mp3 */ = {isa = PBXFileReference; lastKnownFileType = audio.mp3; path = 132.mp3; sourceTree = "<group>"; };
		54DC9FA926364CAE003D4F68 /* 27.mp3 */ = {isa = PBXFileReference; lastKnownFileType = audio.mp3; path = 27.mp3; sourceTree = "<group>"; };
		54DC9FAA26364CAE003D4F68 /* 33.mp3 */ = {isa = PBXFileReference; lastKnownFileType = audio.mp3; path = 33.mp3; sourceTree = "<group>"; };
		54DC9FAB26364CAE003D4F68 /* 32.mp3 */ = {isa = PBXFileReference; lastKnownFileType = audio.mp3; path = 32.mp3; sourceTree = "<group>"; };
		54DC9FAC26364CAE003D4F68 /* 133.mp3 */ = {isa = PBXFileReference; lastKnownFileType = audio.mp3; path = 133.mp3; sourceTree = "<group>"; };
		54DC9FAD26364CAE003D4F68 /* 16.mp3 */ = {isa = PBXFileReference; lastKnownFileType = audio.mp3; path = 16.mp3; sourceTree = "<group>"; };
		54DC9FAE26364CAE003D4F68 /* 117.mp3 */ = {isa = PBXFileReference; lastKnownFileType = audio.mp3; path = 117.mp3; sourceTree = "<group>"; };
		54DC9FAF26364CAE003D4F68 /* 103.mp3 */ = {isa = PBXFileReference; lastKnownFileType = audio.mp3; path = 103.mp3; sourceTree = "<group>"; };
		54DC9FB026364CAE003D4F68 /* 115.mp3 */ = {isa = PBXFileReference; lastKnownFileType = audio.mp3; path = 115.mp3; sourceTree = "<group>"; };
		54DC9FB126364CAE003D4F68 /* 28.mp3 */ = {isa = PBXFileReference; lastKnownFileType = audio.mp3; path = 28.mp3; sourceTree = "<group>"; };
		54DC9FB226364CAE003D4F68 /* 15.mp3 */ = {isa = PBXFileReference; lastKnownFileType = audio.mp3; path = 15.mp3; sourceTree = "<group>"; };
		54DC9FB326364CAE003D4F68 /* 104.mp3 */ = {isa = PBXFileReference; lastKnownFileType = audio.mp3; path = 104.mp3; sourceTree = "<group>"; };
		54DC9FB426364CAE003D4F68 /* 107.mp3 */ = {isa = PBXFileReference; lastKnownFileType = audio.mp3; path = 107.mp3; sourceTree = "<group>"; };
		54DC9FB526364CAE003D4F68 /* 113.mp3 */ = {isa = PBXFileReference; lastKnownFileType = audio.mp3; path = 113.mp3; sourceTree = "<group>"; };
		54DC9FB626364CAE003D4F68 /* 12.mp3 */ = {isa = PBXFileReference; lastKnownFileType = audio.mp3; path = 12.mp3; sourceTree = "<group>"; };
		54DC9FB726364CAE003D4F68 /* 112.mp3 */ = {isa = PBXFileReference; lastKnownFileType = audio.mp3; path = 112.mp3; sourceTree = "<group>"; };
		54DC9FB826364CAE003D4F68 /* 203.mp3 */ = {isa = PBXFileReference; lastKnownFileType = audio.mp3; path = 203.mp3; sourceTree = "<group>"; };
		54DC9FB926364CAE003D4F68 /* 161.mp3 */ = {isa = PBXFileReference; lastKnownFileType = audio.mp3; path = 161.mp3; sourceTree = "<group>"; };
		54DC9FBA26364CAE003D4F68 /* 174.mp3 */ = {isa = PBXFileReference; lastKnownFileType = audio.mp3; path = 174.mp3; sourceTree = "<group>"; };
		54DC9FBB26364CAE003D4F68 /* 202.mp3 */ = {isa = PBXFileReference; lastKnownFileType = audio.mp3; path = 202.mp3; sourceTree = "<group>"; };
		54DC9FBC26364CAE003D4F68 /* 216.mp3 */ = {isa = PBXFileReference; lastKnownFileType = audio.mp3; path = 216.mp3; sourceTree = "<group>"; };
		54DC9FBD26364CAE003D4F68 /* 200.mp3 */ = {isa = PBXFileReference; lastKnownFileType = audio.mp3; path = 200.mp3; sourceTree = "<group>"; };
		54DC9FBE26364CAE003D4F68 /* 214.mp3 */ = {isa = PBXFileReference; lastKnownFileType = audio.mp3; path = 214.mp3; sourceTree = "<group>"; };
		54DC9FBF26364CAE003D4F68 /* 176.mp3 */ = {isa = PBXFileReference; lastKnownFileType = audio.mp3; path = 176.mp3; sourceTree = "<group>"; };
		54DC9FC026364CAE003D4F68 /* 162.mp3 */ = {isa = PBXFileReference; lastKnownFileType = audio.mp3; path = 162.mp3; sourceTree = "<group>"; };
		54DC9FC126364CAE003D4F68 /* 189.mp3 */ = {isa = PBXFileReference; lastKnownFileType = audio.mp3; path = 189.mp3; sourceTree = "<group>"; };
		54DC9FC226364CAE003D4F68 /* 63.mp3 */ = {isa = PBXFileReference; lastKnownFileType = audio.mp3; path = 63.mp3; sourceTree = "<group>"; };
		54DC9FC326364CAE003D4F68 /* 188.mp3 */ = {isa = PBXFileReference; lastKnownFileType = audio.mp3; path = 188.mp3; sourceTree = "<group>"; };
		54DC9FC426364CAE003D4F68 /* 76.mp3 */ = {isa = PBXFileReference; lastKnownFileType = audio.mp3; path = 76.mp3; sourceTree = "<group>"; };
		54DC9FC526364CAE003D4F68 /* 163.mp3 */ = {isa = PBXFileReference; lastKnownFileType = audio.mp3; path = 163.mp3; sourceTree = "<group>"; };
		54DC9FC626364CAE003D4F68 /* 177.mp3 */ = {isa = PBXFileReference; lastKnownFileType = audio.mp3; path = 177.mp3; sourceTree = "<group>"; };
		54DC9FC726364CAE003D4F68 /* 215.mp3 */ = {isa = PBXFileReference; lastKnownFileType = audio.mp3; path = 215.mp3; sourceTree = "<group>"; };
		54DC9FC826364CAE003D4F68 /* 201.mp3 */ = {isa = PBXFileReference; lastKnownFileType = audio.mp3; path = 201.mp3; sourceTree = "<group>"; };
		54DC9FC926364CAE003D4F68 /* 205.mp3 */ = {isa = PBXFileReference; lastKnownFileType = audio.mp3; path = 205.mp3; sourceTree = "<group>"; };
		54DC9FCA26364CAE003D4F68 /* 211.mp3 */ = {isa = PBXFileReference; lastKnownFileType = audio.mp3; path = 211.mp3; sourceTree = "<group>"; };
		54DC9FCB26364CAE003D4F68 /* 173.mp3 */ = {isa = PBXFileReference; lastKnownFileType = audio.mp3; path = 173.mp3; sourceTree = "<group>"; };
		54DC9FCC26364CAE003D4F68 /* 99.mp3 */ = {isa = PBXFileReference; lastKnownFileType = audio.mp3; path = 99.mp3; sourceTree = "<group>"; };
		54DC9FCD26364CAE003D4F68 /* 72.mp3 */ = {isa = PBXFileReference; lastKnownFileType = audio.mp3; path = 72.mp3; sourceTree = "<group>"; };
		54DC9FCE26364CAE003D4F68 /* 198.mp3 */ = {isa = PBXFileReference; lastKnownFileType = audio.mp3; path = 198.mp3; sourceTree = "<group>"; };
		54DC9FCF26364CAE003D4F68 /* 199.mp3 */ = {isa = PBXFileReference; lastKnownFileType = audio.mp3; path = 199.mp3; sourceTree = "<group>"; };
		54DC9FD026364CAE003D4F68 /* 166.mp3 */ = {isa = PBXFileReference; lastKnownFileType = audio.mp3; path = 166.mp3; sourceTree = "<group>"; };
		54DC9FD126364CAE003D4F68 /* 172.mp3 */ = {isa = PBXFileReference; lastKnownFileType = audio.mp3; path = 172.mp3; sourceTree = "<group>"; };
		54DC9FD226364CAE003D4F68 /* 210.mp3 */ = {isa = PBXFileReference; lastKnownFileType = audio.mp3; path = 210.mp3; sourceTree = "<group>"; };
		54DC9FD326364CAE003D4F68 /* 204.mp3 */ = {isa = PBXFileReference; lastKnownFileType = audio.mp3; path = 204.mp3; sourceTree = "<group>"; };
		54DC9FD426364CAE003D4F68 /* 212.mp3 */ = {isa = PBXFileReference; lastKnownFileType = audio.mp3; path = 212.mp3; sourceTree = "<group>"; };
		54DC9FD526364CAE003D4F68 /* 206.mp3 */ = {isa = PBXFileReference; lastKnownFileType = audio.mp3; path = 206.mp3; sourceTree = "<group>"; };
		54DC9FD626364CAE003D4F68 /* 164.mp3 */ = {isa = PBXFileReference; lastKnownFileType = audio.mp3; path = 164.mp3; sourceTree = "<group>"; };
		54DC9FD726364CAE003D4F68 /* 71.mp3 */ = {isa = PBXFileReference; lastKnownFileType = audio.mp3; path = 71.mp3; sourceTree = "<group>"; };
		54DC9FD826364CAE003D4F68 /* 70.mp3 */ = {isa = PBXFileReference; lastKnownFileType = audio.mp3; path = 70.mp3; sourceTree = "<group>"; };
		54DC9FD926364CAE003D4F68 /* 171.mp3 */ = {isa = PBXFileReference; lastKnownFileType = audio.mp3; path = 171.mp3; sourceTree = "<group>"; };
		54DC9FDA26364CAE003D4F68 /* 207.mp3 */ = {isa = PBXFileReference; lastKnownFileType = audio.mp3; path = 207.mp3; sourceTree = "<group>"; };
		54DC9FDB26364CAE003D4F68 /* 213.mp3 */ = {isa = PBXFileReference; lastKnownFileType = audio.mp3; path = 213.mp3; sourceTree = "<group>"; };
		54DCA04C26365AFA003D4F68 /* PantallaResultados.swift */ = {isa = PBXFileReference; lastKnownFileType = sourcecode.swift; path = PantallaResultados.swift; sourceTree = "<group>"; };
		54DCA04E26366A84003D4F68 /* Fuentes.swift */ = {isa = PBXFileReference; lastKnownFileType = sourcecode.swift; path = Fuentes.swift; sourceTree = "<group>"; };
		54DCA05126367AE1003D4F68 /* HalfModalTransitionAnimator.swift */ = {isa = PBXFileReference; fileEncoding = 4; lastKnownFileType = sourcecode.swift; path = HalfModalTransitionAnimator.swift; sourceTree = "<group>"; };
		54DCA05226367AE1003D4F68 /* HalfModalInteractiveTransition.swift */ = {isa = PBXFileReference; fileEncoding = 4; lastKnownFileType = sourcecode.swift; path = HalfModalInteractiveTransition.swift; sourceTree = "<group>"; };
		54DCA05326367AE1003D4F68 /* HalfModalTransitionDelegate.swift */ = {isa = PBXFileReference; fileEncoding = 4; lastKnownFileType = sourcecode.swift; path = HalfModalTransitionDelegate.swift; sourceTree = "<group>"; };
		54DCA05426367AE2003D4F68 /* HalfModalPresentation.swift */ = {isa = PBXFileReference; fileEncoding = 4; lastKnownFileType = sourcecode.swift; path = HalfModalPresentation.swift; sourceTree = "<group>"; };
		54F6993125F09ECC008F22DF /* CeldaFonemaPagina.swift */ = {isa = PBXFileReference; lastKnownFileType = sourcecode.swift; path = CeldaFonemaPagina.swift; sourceTree = "<group>"; };
		54F6993725F0AF02008F22DF /* Lines.swift */ = {isa = PBXFileReference; lastKnownFileType = sourcecode.swift; path = Lines.swift; sourceTree = "<group>"; };
		54F6993925F0C92D008F22DF /* Fonema.swift */ = {isa = PBXFileReference; lastKnownFileType = sourcecode.swift; path = Fonema.swift; sourceTree = "<group>"; };
		54FF64EA2634C1DF000C9037 /* Protocolos.swift */ = {isa = PBXFileReference; lastKnownFileType = sourcecode.swift; path = Protocolos.swift; sourceTree = "<group>"; };
/* End PBXFileReference section */

/* Begin PBXFrameworksBuildPhase section */
		546B135725DAFACD00CF2ED5 /* Frameworks */ = {
			isa = PBXFrameworksBuildPhase;
			buildActionMask = 2147483647;
			files = (
			);
			runOnlyForDeploymentPostprocessing = 0;
		};
		546B137025DAFACF00CF2ED5 /* Frameworks */ = {
			isa = PBXFrameworksBuildPhase;
			buildActionMask = 2147483647;
			files = (
			);
			runOnlyForDeploymentPostprocessing = 0;
		};
/* End PBXFrameworksBuildPhase section */

/* Begin PBXGroup section */
		5400C2AD262DE91E008F2D4A /* Base */ = {
			isa = PBXGroup;
			children = (
				546B135D25DAFACD00CF2ED5 /* AppDelegate.swift */,
				546B135F25DAFACD00CF2ED5 /* SceneDelegate.swift */,
				54FF64EA2634C1DF000C9037 /* Protocolos.swift */,
				546B136E25DAFACF00CF2ED5 /* Info.plist */,
			);
			path = Base;
			sourceTree = "<group>";
		};
		546B135125DAFACD00CF2ED5 = {
			isa = PBXGroup;
			children = (
				546B135C25DAFACD00CF2ED5 /* GraFon */,
				546B137625DAFACF00CF2ED5 /* GraFonTests */,
				546B135B25DAFACD00CF2ED5 /* Products */,
			);
			sourceTree = "<group>";
		};
		546B135B25DAFACD00CF2ED5 /* Products */ = {
			isa = PBXGroup;
			children = (
				546B135A25DAFACD00CF2ED5 /* GraFon.app */,
				546B137325DAFACF00CF2ED5 /* GraFonTests.xctest */,
			);
			name = Products;
			sourceTree = "<group>";
		};
		546B135C25DAFACD00CF2ED5 /* GraFon */ = {
			isa = PBXGroup;
			children = (
				5400C2AD262DE91E008F2D4A /* Base */,
				546B138325DAFD2F00CF2ED5 /* Model */,
				546B138B25DB007800CF2ED5 /* Views */,
				546B138525DAFD4F00CF2ED5 /* Extension */,
				54DCA05026367AB0003D4F68 /* Helpers */,
				546B138425DAFD3E00CF2ED5 /* CoreData */,
				546B138225DAFD2200CF2ED5 /* Controller */,
				546B136925DAFACF00CF2ED5 /* Assets.xcassets */,
				54DC9F6B26364CAE003D4F68 /* Sounds */,
			);
			path = GraFon;
			sourceTree = "<group>";
		};
		546B137625DAFACF00CF2ED5 /* GraFonTests */ = {
			isa = PBXGroup;
			children = (
				546B137725DAFACF00CF2ED5 /* GraFonTests.swift */,
				546B137925DAFACF00CF2ED5 /* Info.plist */,
			);
			path = GraFonTests;
			sourceTree = "<group>";
		};
		546B138225DAFD2200CF2ED5 /* Controller */ = {
			isa = PBXGroup;
			children = (
				546B139825DB3DF400CF2ED5 /* PaginacionPuertasVC.swift */,
				5400C2AE262E32E2008F2D4A /* TabBarTeoriaJuegos.swift */,
				54CD4DE325E0D429002D0006 /* MenuMoldeVC.swift */,
				54A0F8892627334900A6D308 /* SimbolosSonidos */,
				54A0F88C26274D4A00A6D308 /* Palabras */,
			);
			path = Controller;
			sourceTree = "<group>";
		};
		546B138325DAFD2F00CF2ED5 /* Model */ = {
			isa = PBXGroup;
			children = (
				5421F0F225DB751B00B309FC /* Data.swift */,
				546B139625DB381400CF2ED5 /* Puerta.swift */,
				54F6993925F0C92D008F22DF /* Fonema.swift */,
				5463109F26210C3E00FA115C /* Pareja.swift */,
				54A0F88D262751C200A6D308 /* Letras.swift */,
			);
			path = Model;
			sourceTree = "<group>";
		};
		546B138425DAFD3E00CF2ED5 /* CoreData */ = {
			isa = PBXGroup;
			children = (
				546B136625DAFACD00CF2ED5 /* GraFon.xcdatamodeld */,
			);
			path = CoreData;
			sourceTree = "<group>";
		};
		546B138525DAFD4F00CF2ED5 /* Extension */ = {
			isa = PBXGroup;
			children = (
				54F6993725F0AF02008F22DF /* Lines.swift */,
				54DCA04E26366A84003D4F68 /* Fuentes.swift */,
				546301F825FA025E00E005BC /* Colors.swift */,
				542D5AF52604E7CE0074927F /* imageButtons.swift */,
				54A0F8912627984D00A6D308 /* Alertas.swift */,
				5400C2B0262E33A5008F2D4A /* TabBars.swift */,
			);
			path = Extension;
			sourceTree = "<group>";
		};
		546B138B25DB007800CF2ED5 /* Views */ = {
			isa = PBXGroup;
			children = (
				546B139025DB262400CF2ED5 /* LaunchScreen.storyboard */,
				546B139425DB379D00CF2ED5 /* PuertaCelda.swift */,
				5492F89C25EA1CAD0006A960 /* CeldaGenerica.swift */,
				54A0F886262676BD00A6D308 /* SimbolosSonidos */,
			);
			path = Views;
			sourceTree = "<group>";
		};
		54A0F886262676BD00A6D308 /* SimbolosSonidos */ = {
			isa = PBXGroup;
			children = (
				54F6993125F09ECC008F22DF /* CeldaFonemaPagina.swift */,
				54A0F884262676B300A6D308 /* PantallaJuegoSyS.swift */,
				54A0F88A2627337700A6D308 /* CeldaJuegoSyS.swift */,
				54DCA04C26365AFA003D4F68 /* PantallaResultados.swift */,
			);
			path = SimbolosSonidos;
			sourceTree = "<group>";
		};
		54A0F8892627334900A6D308 /* SimbolosSonidos */ = {
			isa = PBXGroup;
			children = (
				5495D75E25F97B7F00906AEA /* FonemaSeleccionadoController.swift */,
				547A8BA22618B994002962CD /* PresentacionJuegoController.swift */,
				54DC9F672636046B003D4F68 /* SeleccionarNivelController.swift */,
				54A0F8872627317900A6D308 /* SySJuegoController.swift */,
			);
			path = SimbolosSonidos;
			sourceTree = "<group>";
		};
		54A0F88C26274D4A00A6D308 /* Palabras */ = {
			isa = PBXGroup;
			children = (
				54A0F88F2627562400A6D308 /* PalabrasEnBocaVC.swift */,
			);
			path = Palabras;
			sourceTree = "<group>";
		};
		54DC9F6B26364CAE003D4F68 /* Sounds */ = {
			isa = PBXGroup;
			children = (
				54DC9F6C26364CAE003D4F68 /* 140.mp3 */,
				54DC9F6D26364CAE003D4F68 /* 154.mp3 */,
				54DC9F6E26364CAE003D4F68 /* 183.mp3 */,
				54DC9F6F26364CAE003D4F68 /* 197.mp3 */,
				54DC9F7026364CAE003D4F68 /* 54.mp3 */,
				54DC9F7126364CAE003D4F68 /* 68.mp3 */,
				54DC9F7226364CAE003D4F68 /* 196.mp3 */,
				54DC9F7326364CAE003D4F68 /* 182.mp3 */,
				54DC9F7426364CAE003D4F68 /* 169.mp3 */,
				54DC9F7526364CAE003D4F68 /* 83.mp3 */,
				54DC9F7626364CAE003D4F68 /* 155.mp3 */,
				54DC9F7726364CAE003D4F68 /* 141.mp3 */,
				54DC9F7826364CAE003D4F68 /* 209.mp3 */,
				54DC9F7926364CAE003D4F68 /* 143.mp3 */,
				54DC9F7A26364CAE003D4F68 /* 194.mp3 */,
				54DC9F7B26364CAE003D4F68 /* 180.mp3 */,
				54DC9F7C26364CAE003D4F68 /* 42.mp3 */,
				54DC9F7D26364CAE003D4F68 /* 195.mp3 */,
				54DC9F7E26364CAE003D4F68 /* 94.mp3 */,
				54DC9F7F26364CAE003D4F68 /* 156.mp3 */,
				54DC9F8026364CAE003D4F68 /* 208.mp3 */,
				54DC9F8126364CAE003D4F68 /* 84.mp3 */,
				54DC9F8226364CAE003D4F68 /* 146.mp3 */,
				54DC9F8326364CAE003D4F68 /* 53.mp3 */,
				54DC9F8426364CAE003D4F68 /* 1.mp3 */,
				54DC9F8526364CAE003D4F68 /* 191.mp3 */,
				54DC9F8626364CAE003D4F68 /* 185.mp3 */,
				54DC9F8726364CAE003D4F68 /* 184.mp3 */,
				54DC9F8826364CAE003D4F68 /* 190.mp3 */,
				54DC9F8926364CAE003D4F68 /* 52.mp3 */,
				54DC9F8A26364CAE003D4F68 /* 153.mp3 */,
				54DC9F8B26364CAE003D4F68 /* 85.mp3 */,
				54DC9F8C26364CAE003D4F68 /* 179.mp3 */,
				54DC9F8D26364CAE003D4F68 /* 151.mp3 */,
				54DC9F8E26364CAE003D4F68 /* 50.mp3 */,
				54DC9F8F26364CAE003D4F68 /* 78.mp3 */,
				54DC9F9026364CAE003D4F68 /* 186.mp3 */,
				54DC9F9126364CAE003D4F68 /* 192.mp3 */,
				54DC9F9226364CAE003D4F68 /* 193.mp3 */,
				54DC9F9326364CAE003D4F68 /* 187.mp3 */,
				54DC9F9426364CAE003D4F68 /* 51.mp3 */,
				54DC9F9526364CAE003D4F68 /* 45.mp3 */,
				54DC9F9626364CAE003D4F68 /* 144.mp3 */,
				54DC9F9726364CAE003D4F68 /* 92.mp3 */,
				54DC9F9826364CAE003D4F68 /* 86.mp3 */,
				54DC9F9926364CAE003D4F68 /* 123.mp3 */,
				54DC9F9A26364CAE003D4F68 /* 137.mp3 */,
				54DC9F9B26364CAE003D4F68 /* 22.mp3 */,
				54DC9F9C26364CAE003D4F68 /* 37.mp3 */,
				54DC9F9D26364CAE003D4F68 /* 120.mp3 */,
				54DC9F9E26364CAE003D4F68 /* 34.mp3 */,
				54DC9F9F26364CAE003D4F68 /* 121.mp3 */,
				54DC9FA026364CAE003D4F68 /* 135.mp3 */,
				54DC9FA126364CAE003D4F68 /* 119.mp3 */,
				54DC9FA226364CAE003D4F68 /* 125.mp3 */,
				54DC9FA326364CAE003D4F68 /* 30.mp3 */,
				54DC9FA426364CAE003D4F68 /* 18.mp3 */,
				54DC9FA526364CAE003D4F68 /* 124.mp3 */,
				54DC9FA626364CAE003D4F68 /* 118.mp3 */,
				54DC9FA726364CAE003D4F68 /* 126.mp3 */,
				54DC9FA826364CAE003D4F68 /* 132.mp3 */,
				54DC9FA926364CAE003D4F68 /* 27.mp3 */,
				54DC9FAA26364CAE003D4F68 /* 33.mp3 */,
				54DC9FAB26364CAE003D4F68 /* 32.mp3 */,
				54DC9FAC26364CAE003D4F68 /* 133.mp3 */,
				54DC9FAD26364CAE003D4F68 /* 16.mp3 */,
				54DC9FAE26364CAE003D4F68 /* 117.mp3 */,
				54DC9FAF26364CAE003D4F68 /* 103.mp3 */,
				54DC9FB026364CAE003D4F68 /* 115.mp3 */,
				54DC9FB126364CAE003D4F68 /* 28.mp3 */,
				54DC9FB226364CAE003D4F68 /* 15.mp3 */,
				54DC9FB326364CAE003D4F68 /* 104.mp3 */,
				54DC9FB426364CAE003D4F68 /* 107.mp3 */,
				54DC9FB526364CAE003D4F68 /* 113.mp3 */,
				54DC9FB626364CAE003D4F68 /* 12.mp3 */,
				54DC9FB726364CAE003D4F68 /* 112.mp3 */,
				54DC9FB826364CAE003D4F68 /* 203.mp3 */,
				54DC9FB926364CAE003D4F68 /* 161.mp3 */,
				54DC9FBA26364CAE003D4F68 /* 174.mp3 */,
				54DC9FBB26364CAE003D4F68 /* 202.mp3 */,
				54DC9FBC26364CAE003D4F68 /* 216.mp3 */,
				54DC9FBD26364CAE003D4F68 /* 200.mp3 */,
				54DC9FBE26364CAE003D4F68 /* 214.mp3 */,
				54DC9FBF26364CAE003D4F68 /* 176.mp3 */,
				54DC9FC026364CAE003D4F68 /* 162.mp3 */,
				54DC9FC126364CAE003D4F68 /* 189.mp3 */,
				54DC9FC226364CAE003D4F68 /* 63.mp3 */,
				54DC9FC326364CAE003D4F68 /* 188.mp3 */,
				54DC9FC426364CAE003D4F68 /* 76.mp3 */,
				54DC9FC526364CAE003D4F68 /* 163.mp3 */,
				54DC9FC626364CAE003D4F68 /* 177.mp3 */,
				54DC9FC726364CAE003D4F68 /* 215.mp3 */,
				54DC9FC826364CAE003D4F68 /* 201.mp3 */,
				54DC9FC926364CAE003D4F68 /* 205.mp3 */,
				54DC9FCA26364CAE003D4F68 /* 211.mp3 */,
				54DC9FCB26364CAE003D4F68 /* 173.mp3 */,
				54DC9FCC26364CAE003D4F68 /* 99.mp3 */,
				54DC9FCD26364CAE003D4F68 /* 72.mp3 */,
				54DC9FCE26364CAE003D4F68 /* 198.mp3 */,
				54DC9FCF26364CAE003D4F68 /* 199.mp3 */,
				54DC9FD026364CAE003D4F68 /* 166.mp3 */,
				54DC9FD126364CAE003D4F68 /* 172.mp3 */,
				54DC9FD226364CAE003D4F68 /* 210.mp3 */,
				54DC9FD326364CAE003D4F68 /* 204.mp3 */,
				54DC9FD426364CAE003D4F68 /* 212.mp3 */,
				54DC9FD526364CAE003D4F68 /* 206.mp3 */,
				54DC9FD626364CAE003D4F68 /* 164.mp3 */,
				54DC9FD726364CAE003D4F68 /* 71.mp3 */,
				54DC9FD826364CAE003D4F68 /* 70.mp3 */,
				54DC9FD926364CAE003D4F68 /* 171.mp3 */,
				54DC9FDA26364CAE003D4F68 /* 207.mp3 */,
				54DC9FDB26364CAE003D4F68 /* 213.mp3 */,
			);
			path = Sounds;
			sourceTree = "<group>";
		};
		54DCA05026367AB0003D4F68 /* Helpers */ = {
			isa = PBXGroup;
			children = (
				54DCA05226367AE1003D4F68 /* HalfModalInteractiveTransition.swift */,
				54DCA05426367AE2003D4F68 /* HalfModalPresentation.swift */,
				54DCA05126367AE1003D4F68 /* HalfModalTransitionAnimator.swift */,
				54DCA05326367AE1003D4F68 /* HalfModalTransitionDelegate.swift */,
			);
			path = Helpers;
			sourceTree = "<group>";
		};
/* End PBXGroup section */

/* Begin PBXNativeTarget section */
		546B135925DAFACD00CF2ED5 /* GraFon */ = {
			isa = PBXNativeTarget;
			buildConfigurationList = 546B137C25DAFACF00CF2ED5 /* Build configuration list for PBXNativeTarget "GraFon" */;
			buildPhases = (
				546B135625DAFACD00CF2ED5 /* Sources */,
				546B135725DAFACD00CF2ED5 /* Frameworks */,
				546B135825DAFACD00CF2ED5 /* Resources */,
			);
			buildRules = (
			);
			dependencies = (
			);
			name = GraFon;
			productName = GraFon;
			productReference = 546B135A25DAFACD00CF2ED5 /* GraFon.app */;
			productType = "com.apple.product-type.application";
		};
		546B137225DAFACF00CF2ED5 /* GraFonTests */ = {
			isa = PBXNativeTarget;
			buildConfigurationList = 546B137F25DAFACF00CF2ED5 /* Build configuration list for PBXNativeTarget "GraFonTests" */;
			buildPhases = (
				546B136F25DAFACF00CF2ED5 /* Sources */,
				546B137025DAFACF00CF2ED5 /* Frameworks */,
				546B137125DAFACF00CF2ED5 /* Resources */,
			);
			buildRules = (
			);
			dependencies = (
				546B137525DAFACF00CF2ED5 /* PBXTargetDependency */,
			);
			name = GraFonTests;
			productName = GraFonTests;
			productReference = 546B137325DAFACF00CF2ED5 /* GraFonTests.xctest */;
			productType = "com.apple.product-type.bundle.unit-test";
		};
/* End PBXNativeTarget section */

/* Begin PBXProject section */
		546B135225DAFACD00CF2ED5 /* Project object */ = {
			isa = PBXProject;
			attributes = {
				LastSwiftUpdateCheck = 1130;
				LastUpgradeCheck = 1130;
				ORGANIZATIONNAME = SamArtGS;
				TargetAttributes = {
					546B135925DAFACD00CF2ED5 = {
						CreatedOnToolsVersion = 11.3.1;
					};
					546B137225DAFACF00CF2ED5 = {
						CreatedOnToolsVersion = 11.3.1;
						TestTargetID = 546B135925DAFACD00CF2ED5;
					};
				};
			};
			buildConfigurationList = 546B135525DAFACD00CF2ED5 /* Build configuration list for PBXProject "GraFon" */;
			compatibilityVersion = "Xcode 10.0";
			developmentRegion = en;
			hasScannedForEncodings = 0;
			knownRegions = (
				en,
				Base,
			);
			mainGroup = 546B135125DAFACD00CF2ED5;
			productRefGroup = 546B135B25DAFACD00CF2ED5 /* Products */;
			projectDirPath = "";
			projectRoot = "";
			targets = (
				546B135925DAFACD00CF2ED5 /* GraFon */,
				546B137225DAFACF00CF2ED5 /* GraFonTests */,
			);
		};
/* End PBXProject section */

/* Begin PBXResourcesBuildPhase section */
		546B135825DAFACD00CF2ED5 /* Resources */ = {
			isa = PBXResourcesBuildPhase;
			buildActionMask = 2147483647;
			files = (
				54DCA03626364CAE003D4F68 /* 177.mp3 in Resources */,
				54DCA01A26364CAE003D4F68 /* 33.mp3 in Resources */,
				54DC9FF326364CAE003D4F68 /* 53.mp3 in Resources */,
				54DCA00126364CAE003D4F68 /* 192.mp3 in Resources */,
				54DCA01F26364CAE003D4F68 /* 103.mp3 in Resources */,
				54DCA04A26364CAE003D4F68 /* 207.mp3 in Resources */,
				54DC9FE226364CAE003D4F68 /* 196.mp3 in Resources */,
				54DCA00726364CAE003D4F68 /* 92.mp3 in Resources */,
				54DCA04126364CAE003D4F68 /* 172.mp3 in Resources */,
				54DC9FDF26364CAE003D4F68 /* 197.mp3 in Resources */,
				54DCA01326364CAE003D4F68 /* 30.mp3 in Resources */,
				54DCA00E26364CAE003D4F68 /* 34.mp3 in Resources */,
				54DCA04826364CAE003D4F68 /* 70.mp3 in Resources */,
				54DCA03B26364CAE003D4F68 /* 173.mp3 in Resources */,
				54DCA03026364CAE003D4F68 /* 162.mp3 in Resources */,
				54DCA04626364CAE003D4F68 /* 164.mp3 in Resources */,
				54DCA02A26364CAE003D4F68 /* 174.mp3 in Resources */,
				54DC9FFB26364CAE003D4F68 /* 85.mp3 in Resources */,
				54DCA02B26364CAE003D4F68 /* 202.mp3 in Resources */,
				54DC9FDC26364CAE003D4F68 /* 140.mp3 in Resources */,
				54DC9FE826364CAE003D4F68 /* 209.mp3 in Resources */,
				54DC9FE526364CAE003D4F68 /* 83.mp3 in Resources */,
				54DCA04726364CAE003D4F68 /* 71.mp3 in Resources */,
				54DCA02926364CAE003D4F68 /* 161.mp3 in Resources */,
				54DCA03E26364CAE003D4F68 /* 198.mp3 in Resources */,
				54DCA04426364CAE003D4F68 /* 212.mp3 in Resources */,
				54DCA02E26364CAE003D4F68 /* 214.mp3 in Resources */,
				54DC9FF726364CAE003D4F68 /* 184.mp3 in Resources */,
				54DCA01626364CAE003D4F68 /* 118.mp3 in Resources */,
				54DCA00B26364CAE003D4F68 /* 22.mp3 in Resources */,
				54DCA01D26364CAE003D4F68 /* 16.mp3 in Resources */,
				54DCA00626364CAE003D4F68 /* 144.mp3 in Resources */,
				54DC9FEF26364CAE003D4F68 /* 156.mp3 in Resources */,
				54DC9FE126364CAE003D4F68 /* 68.mp3 in Resources */,
				54DCA01426364CAE003D4F68 /* 18.mp3 in Resources */,
				54DC9FEE26364CAE003D4F68 /* 94.mp3 in Resources */,
				54DC9FF126364CAE003D4F68 /* 84.mp3 in Resources */,
				54DC9FF926364CAE003D4F68 /* 52.mp3 in Resources */,
				546B136A25DAFACF00CF2ED5 /* Assets.xcassets in Resources */,
				54DCA01E26364CAE003D4F68 /* 117.mp3 in Resources */,
				54DCA04326364CAE003D4F68 /* 204.mp3 in Resources */,
				54DCA00326364CAE003D4F68 /* 187.mp3 in Resources */,
				54DCA01026364CAE003D4F68 /* 135.mp3 in Resources */,
				54DCA01826364CAE003D4F68 /* 132.mp3 in Resources */,
				54DC9FE626364CAE003D4F68 /* 155.mp3 in Resources */,
				54DCA04B26364CAE003D4F68 /* 213.mp3 in Resources */,
				54DCA00D26364CAE003D4F68 /* 120.mp3 in Resources */,
				54DC9FED26364CAE003D4F68 /* 195.mp3 in Resources */,
				54DCA02326364CAE003D4F68 /* 104.mp3 in Resources */,
				54DC9FF226364CAE003D4F68 /* 146.mp3 in Resources */,
				54DCA02626364CAE003D4F68 /* 12.mp3 in Resources */,
				54DC9FFF26364CAE003D4F68 /* 78.mp3 in Resources */,
				54DCA03A26364CAE003D4F68 /* 211.mp3 in Resources */,
				54DC9FF826364CAE003D4F68 /* 190.mp3 in Resources */,
				54DCA01C26364CAE003D4F68 /* 133.mp3 in Resources */,
				54DC9FFC26364CAE003D4F68 /* 179.mp3 in Resources */,
				54DCA03226364CAE003D4F68 /* 63.mp3 in Resources */,
				54DCA02F26364CAE003D4F68 /* 176.mp3 in Resources */,
				54DCA02C26364CAE003D4F68 /* 216.mp3 in Resources */,
				54DC9FE026364CAE003D4F68 /* 54.mp3 in Resources */,
				54DC9FF626364CAE003D4F68 /* 185.mp3 in Resources */,
				54DC9FDE26364CAE003D4F68 /* 183.mp3 in Resources */,
				54DCA00926364CAE003D4F68 /* 123.mp3 in Resources */,
				54DC9FF526364CAE003D4F68 /* 191.mp3 in Resources */,
				54DCA00C26364CAE003D4F68 /* 37.mp3 in Resources */,
				54DCA00F26364CAE003D4F68 /* 121.mp3 in Resources */,
				54DC9FFA26364CAE003D4F68 /* 153.mp3 in Resources */,
				54DCA04226364CAE003D4F68 /* 210.mp3 in Resources */,
				54DCA02D26364CAE003D4F68 /* 200.mp3 in Resources */,
				54DC9FFD26364CAE003D4F68 /* 151.mp3 in Resources */,
				54DCA02126364CAE003D4F68 /* 28.mp3 in Resources */,
				546B139125DB262400CF2ED5 /* LaunchScreen.storyboard in Resources */,
				54DCA03926364CAE003D4F68 /* 205.mp3 in Resources */,
				54DC9FE426364CAE003D4F68 /* 169.mp3 in Resources */,
				54DCA00A26364CAE003D4F68 /* 137.mp3 in Resources */,
				54DC9FFE26364CAE003D4F68 /* 50.mp3 in Resources */,
				54DCA01926364CAE003D4F68 /* 27.mp3 in Resources */,
				54DC9FF426364CAE003D4F68 /* 1.mp3 in Resources */,
				54DCA04026364CAE003D4F68 /* 166.mp3 in Resources */,
				54DCA02426364CAE003D4F68 /* 107.mp3 in Resources */,
				54DCA03426364CAE003D4F68 /* 76.mp3 in Resources */,
				54DCA00026364CAE003D4F68 /* 186.mp3 in Resources */,
				54DCA02726364CAE003D4F68 /* 112.mp3 in Resources */,
				54DCA00526364CAE003D4F68 /* 45.mp3 in Resources */,
				54DC9FEB26364CAE003D4F68 /* 180.mp3 in Resources */,
				54DC9FE326364CAE003D4F68 /* 182.mp3 in Resources */,
				54DCA02226364CAE003D4F68 /* 15.mp3 in Resources */,
				54DCA01526364CAE003D4F68 /* 124.mp3 in Resources */,
				54DCA03326364CAE003D4F68 /* 188.mp3 in Resources */,
				54DCA01726364CAE003D4F68 /* 126.mp3 in Resources */,
				54DCA03526364CAE003D4F68 /* 163.mp3 in Resources */,
				54DCA02026364CAE003D4F68 /* 115.mp3 in Resources */,
				54DC9FE926364CAE003D4F68 /* 143.mp3 in Resources */,
				54DCA03C26364CAE003D4F68 /* 99.mp3 in Resources */,
				54DCA03F26364CAE003D4F68 /* 199.mp3 in Resources */,
				54DC9FF026364CAE003D4F68 /* 208.mp3 in Resources */,
				54DCA01226364CAE003D4F68 /* 125.mp3 in Resources */,
				54DCA03D26364CAE003D4F68 /* 72.mp3 in Resources */,
				54DCA04526364CAE003D4F68 /* 206.mp3 in Resources */,
				54DCA01126364CAE003D4F68 /* 119.mp3 in Resources */,
				54DC9FDD26364CAE003D4F68 /* 154.mp3 in Resources */,
				54DC9FEA26364CAE003D4F68 /* 194.mp3 in Resources */,
				54DCA03126364CAE003D4F68 /* 189.mp3 in Resources */,
				54DC9FE726364CAE003D4F68 /* 141.mp3 in Resources */,
				54DCA03826364CAE003D4F68 /* 201.mp3 in Resources */,
				54DCA02826364CAE003D4F68 /* 203.mp3 in Resources */,
				54DCA02526364CAE003D4F68 /* 113.mp3 in Resources */,
				54DCA00426364CAE003D4F68 /* 51.mp3 in Resources */,
				54DCA03726364CAE003D4F68 /* 215.mp3 in Resources */,
				54DC9FEC26364CAE003D4F68 /* 42.mp3 in Resources */,
				54DCA00826364CAE003D4F68 /* 86.mp3 in Resources */,
				54DCA00226364CAE003D4F68 /* 193.mp3 in Resources */,
				54DCA04926364CAE003D4F68 /* 171.mp3 in Resources */,
				54DCA01B26364CAE003D4F68 /* 32.mp3 in Resources */,
			);
			runOnlyForDeploymentPostprocessing = 0;
		};
		546B137125DAFACF00CF2ED5 /* Resources */ = {
			isa = PBXResourcesBuildPhase;
			buildActionMask = 2147483647;
			files = (
			);
			runOnlyForDeploymentPostprocessing = 0;
		};
/* End PBXResourcesBuildPhase section */

/* Begin PBXSourcesBuildPhase section */
		546B135625DAFACD00CF2ED5 /* Sources */ = {
			isa = PBXSourcesBuildPhase;
			buildActionMask = 2147483647;
			files = (
				54F6993225F09ECC008F22DF /* CeldaFonemaPagina.swift in Sources */,
				546301F925FA025E00E005BC /* Colors.swift in Sources */,
				5492F89D25EA1CAD0006A960 /* CeldaGenerica.swift in Sources */,
				54DCA04F26366A84003D4F68 /* Fuentes.swift in Sources */,
				5400C2AF262E32E2008F2D4A /* TabBarTeoriaJuegos.swift in Sources */,
				5495D75F25F97B7F00906AEA /* FonemaSeleccionadoController.swift in Sources */,
				546B136825DAFACD00CF2ED5 /* GraFon.xcdatamodeld in Sources */,
				54A0F8882627317900A6D308 /* SySJuegoController.swift in Sources */,
				54DCA05526367AE2003D4F68 /* HalfModalTransitionAnimator.swift in Sources */,
				546310A026210C3E00FA115C /* Pareja.swift in Sources */,
				54A0F8902627562400A6D308 /* PalabrasEnBocaVC.swift in Sources */,
				546B139725DB381400CF2ED5 /* Puerta.swift in Sources */,
				54CD4DE425E0D429002D0006 /* MenuMoldeVC.swift in Sources */,
				546B139925DB3DF400CF2ED5 /* PaginacionPuertasVC.swift in Sources */,
				54A0F885262676B300A6D308 /* PantallaJuegoSyS.swift in Sources */,
				546B139525DB379D00CF2ED5 /* PuertaCelda.swift in Sources */,
				54DCA05826367AE2003D4F68 /* HalfModalPresentation.swift in Sources */,
				547A8BA32618B994002962CD /* PresentacionJuegoController.swift in Sources */,
				54DC9F682636046B003D4F68 /* SeleccionarNivelController.swift in Sources */,
				54FF64EB2634C1DF000C9037 /* Protocolos.swift in Sources */,
				54A0F88E262751C200A6D308 /* Letras.swift in Sources */,
				54DCA04D26365AFA003D4F68 /* PantallaResultados.swift in Sources */,
				54DCA05626367AE2003D4F68 /* HalfModalInteractiveTransition.swift in Sources */,
				546B135E25DAFACD00CF2ED5 /* AppDelegate.swift in Sources */,
				5400C2B1262E33A5008F2D4A /* TabBars.swift in Sources */,
				54F6993A25F0C92D008F22DF /* Fonema.swift in Sources */,
				54F6993825F0AF02008F22DF /* Lines.swift in Sources */,
				54A0F8922627984D00A6D308 /* Alertas.swift in Sources */,
				5421F0F325DB751B00B309FC /* Data.swift in Sources */,
				542D5AF62604E7CE0074927F /* imageButtons.swift in Sources */,
				54A0F88B2627337700A6D308 /* CeldaJuegoSyS.swift in Sources */,
				54DCA05726367AE2003D4F68 /* HalfModalTransitionDelegate.swift in Sources */,
				546B136025DAFACD00CF2ED5 /* SceneDelegate.swift in Sources */,
			);
			runOnlyForDeploymentPostprocessing = 0;
		};
		546B136F25DAFACF00CF2ED5 /* Sources */ = {
			isa = PBXSourcesBuildPhase;
			buildActionMask = 2147483647;
			files = (
				546B137825DAFACF00CF2ED5 /* GraFonTests.swift in Sources */,
			);
			runOnlyForDeploymentPostprocessing = 0;
		};
/* End PBXSourcesBuildPhase section */

/* Begin PBXTargetDependency section */
		546B137525DAFACF00CF2ED5 /* PBXTargetDependency */ = {
			isa = PBXTargetDependency;
			target = 546B135925DAFACD00CF2ED5 /* GraFon */;
			targetProxy = 546B137425DAFACF00CF2ED5 /* PBXContainerItemProxy */;
		};
/* End PBXTargetDependency section */

/* Begin XCBuildConfiguration section */
		546B137A25DAFACF00CF2ED5 /* Debug */ = {
			isa = XCBuildConfiguration;
			buildSettings = {
				ALWAYS_SEARCH_USER_PATHS = NO;
				CLANG_ANALYZER_NONNULL = YES;
				CLANG_ANALYZER_NUMBER_OBJECT_CONVERSION = YES_AGGRESSIVE;
				CLANG_CXX_LANGUAGE_STANDARD = "gnu++14";
				CLANG_CXX_LIBRARY = "libc++";
				CLANG_ENABLE_MODULES = YES;
				CLANG_ENABLE_OBJC_ARC = YES;
				CLANG_ENABLE_OBJC_WEAK = YES;
				CLANG_WARN_BLOCK_CAPTURE_AUTORELEASING = YES;
				CLANG_WARN_BOOL_CONVERSION = YES;
				CLANG_WARN_COMMA = YES;
				CLANG_WARN_CONSTANT_CONVERSION = YES;
				CLANG_WARN_DEPRECATED_OBJC_IMPLEMENTATIONS = YES;
				CLANG_WARN_DIRECT_OBJC_ISA_USAGE = YES_ERROR;
				CLANG_WARN_DOCUMENTATION_COMMENTS = YES;
				CLANG_WARN_EMPTY_BODY = YES;
				CLANG_WARN_ENUM_CONVERSION = YES;
				CLANG_WARN_INFINITE_RECURSION = YES;
				CLANG_WARN_INT_CONVERSION = YES;
				CLANG_WARN_NON_LITERAL_NULL_CONVERSION = YES;
				CLANG_WARN_OBJC_IMPLICIT_RETAIN_SELF = YES;
				CLANG_WARN_OBJC_LITERAL_CONVERSION = YES;
				CLANG_WARN_OBJC_ROOT_CLASS = YES_ERROR;
				CLANG_WARN_RANGE_LOOP_ANALYSIS = YES;
				CLANG_WARN_STRICT_PROTOTYPES = YES;
				CLANG_WARN_SUSPICIOUS_MOVE = YES;
				CLANG_WARN_UNGUARDED_AVAILABILITY = YES_AGGRESSIVE;
				CLANG_WARN_UNREACHABLE_CODE = YES;
				CLANG_WARN__DUPLICATE_METHOD_MATCH = YES;
				COPY_PHASE_STRIP = NO;
				DEBUG_INFORMATION_FORMAT = dwarf;
				ENABLE_STRICT_OBJC_MSGSEND = YES;
				ENABLE_TESTABILITY = YES;
				GCC_C_LANGUAGE_STANDARD = gnu11;
				GCC_DYNAMIC_NO_PIC = NO;
				GCC_NO_COMMON_BLOCKS = YES;
				GCC_OPTIMIZATION_LEVEL = 0;
				GCC_PREPROCESSOR_DEFINITIONS = (
					"DEBUG=1",
					"$(inherited)",
				);
				GCC_WARN_64_TO_32_BIT_CONVERSION = YES;
				GCC_WARN_ABOUT_RETURN_TYPE = YES_ERROR;
				GCC_WARN_UNDECLARED_SELECTOR = YES;
				GCC_WARN_UNINITIALIZED_AUTOS = YES_AGGRESSIVE;
				GCC_WARN_UNUSED_FUNCTION = YES;
				GCC_WARN_UNUSED_VARIABLE = YES;
				IPHONEOS_DEPLOYMENT_TARGET = 13.0;
				MTL_ENABLE_DEBUG_INFO = INCLUDE_SOURCE;
				MTL_FAST_MATH = YES;
				ONLY_ACTIVE_ARCH = YES;
				SDKROOT = iphoneos;
				SWIFT_ACTIVE_COMPILATION_CONDITIONS = DEBUG;
				SWIFT_OPTIMIZATION_LEVEL = "-Onone";
			};
			name = Debug;
		};
		546B137B25DAFACF00CF2ED5 /* Release */ = {
			isa = XCBuildConfiguration;
			buildSettings = {
				ALWAYS_SEARCH_USER_PATHS = NO;
				CLANG_ANALYZER_NONNULL = YES;
				CLANG_ANALYZER_NUMBER_OBJECT_CONVERSION = YES_AGGRESSIVE;
				CLANG_CXX_LANGUAGE_STANDARD = "gnu++14";
				CLANG_CXX_LIBRARY = "libc++";
				CLANG_ENABLE_MODULES = YES;
				CLANG_ENABLE_OBJC_ARC = YES;
				CLANG_ENABLE_OBJC_WEAK = YES;
				CLANG_WARN_BLOCK_CAPTURE_AUTORELEASING = YES;
				CLANG_WARN_BOOL_CONVERSION = YES;
				CLANG_WARN_COMMA = YES;
				CLANG_WARN_CONSTANT_CONVERSION = YES;
				CLANG_WARN_DEPRECATED_OBJC_IMPLEMENTATIONS = YES;
				CLANG_WARN_DIRECT_OBJC_ISA_USAGE = YES_ERROR;
				CLANG_WARN_DOCUMENTATION_COMMENTS = YES;
				CLANG_WARN_EMPTY_BODY = YES;
				CLANG_WARN_ENUM_CONVERSION = YES;
				CLANG_WARN_INFINITE_RECURSION = YES;
				CLANG_WARN_INT_CONVERSION = YES;
				CLANG_WARN_NON_LITERAL_NULL_CONVERSION = YES;
				CLANG_WARN_OBJC_IMPLICIT_RETAIN_SELF = YES;
				CLANG_WARN_OBJC_LITERAL_CONVERSION = YES;
				CLANG_WARN_OBJC_ROOT_CLASS = YES_ERROR;
				CLANG_WARN_RANGE_LOOP_ANALYSIS = YES;
				CLANG_WARN_STRICT_PROTOTYPES = YES;
				CLANG_WARN_SUSPICIOUS_MOVE = YES;
				CLANG_WARN_UNGUARDED_AVAILABILITY = YES_AGGRESSIVE;
				CLANG_WARN_UNREACHABLE_CODE = YES;
				CLANG_WARN__DUPLICATE_METHOD_MATCH = YES;
				COPY_PHASE_STRIP = NO;
				DEBUG_INFORMATION_FORMAT = "dwarf-with-dsym";
				ENABLE_NS_ASSERTIONS = NO;
				ENABLE_STRICT_OBJC_MSGSEND = YES;
				GCC_C_LANGUAGE_STANDARD = gnu11;
				GCC_NO_COMMON_BLOCKS = YES;
				GCC_WARN_64_TO_32_BIT_CONVERSION = YES;
				GCC_WARN_ABOUT_RETURN_TYPE = YES_ERROR;
				GCC_WARN_UNDECLARED_SELECTOR = YES;
				GCC_WARN_UNINITIALIZED_AUTOS = YES_AGGRESSIVE;
				GCC_WARN_UNUSED_FUNCTION = YES;
				GCC_WARN_UNUSED_VARIABLE = YES;
				IPHONEOS_DEPLOYMENT_TARGET = 13.0;
				MTL_ENABLE_DEBUG_INFO = NO;
				MTL_FAST_MATH = YES;
				SDKROOT = iphoneos;
				SWIFT_COMPILATION_MODE = wholemodule;
				SWIFT_OPTIMIZATION_LEVEL = "-O";
				VALIDATE_PRODUCT = YES;
			};
			name = Release;
		};
		546B137D25DAFACF00CF2ED5 /* Debug */ = {
			isa = XCBuildConfiguration;
			buildSettings = {
				ASSETCATALOG_COMPILER_APPICON_NAME = AppIcon;
				CODE_SIGN_STYLE = Automatic;
				DEVELOPMENT_TEAM = FDTCRD4BVY;
				INFOPLIST_FILE = GraFon/Base/Info.plist;
				IPHONEOS_DEPLOYMENT_TARGET = 12.1;
				LD_RUNPATH_SEARCH_PATHS = (
					"$(inherited)",
					"@executable_path/Frameworks",
				);
				PRODUCT_BUNDLE_IDENTIFIER = SamArtGS.GraFon;
				PRODUCT_NAME = "$(TARGET_NAME)";
				SWIFT_VERSION = 5.0;
				TARGETED_DEVICE_FAMILY = "1,2";
			};
			name = Debug;
		};
		546B137E25DAFACF00CF2ED5 /* Release */ = {
			isa = XCBuildConfiguration;
			buildSettings = {
				ASSETCATALOG_COMPILER_APPICON_NAME = AppIcon;
				CODE_SIGN_STYLE = Automatic;
				DEVELOPMENT_TEAM = FDTCRD4BVY;
				INFOPLIST_FILE = GraFon/Base/Info.plist;
				IPHONEOS_DEPLOYMENT_TARGET = 12.1;
				LD_RUNPATH_SEARCH_PATHS = (
					"$(inherited)",
					"@executable_path/Frameworks",
				);
				PRODUCT_BUNDLE_IDENTIFIER = SamArtGS.GraFon;
				PRODUCT_NAME = "$(TARGET_NAME)";
				SWIFT_VERSION = 5.0;
				TARGETED_DEVICE_FAMILY = "1,2";
			};
			name = Release;
		};
		546B138025DAFACF00CF2ED5 /* Debug */ = {
			isa = XCBuildConfiguration;
			buildSettings = {
				ALWAYS_EMBED_SWIFT_STANDARD_LIBRARIES = YES;
				BUNDLE_LOADER = "$(TEST_HOST)";
				CODE_SIGN_STYLE = Automatic;
				DEVELOPMENT_TEAM = FDTCRD4BVY;
				INFOPLIST_FILE = GraFonTests/Info.plist;
				IPHONEOS_DEPLOYMENT_TARGET = 13.2;
				LD_RUNPATH_SEARCH_PATHS = (
					"$(inherited)",
					"@executable_path/Frameworks",
					"@loader_path/Frameworks",
				);
				PRODUCT_BUNDLE_IDENTIFIER = SamArtGS.GraFonTests;
				PRODUCT_NAME = "$(TARGET_NAME)";
				SWIFT_VERSION = 5.0;
				TARGETED_DEVICE_FAMILY = "1,2";
				TEST_HOST = "$(BUILT_PRODUCTS_DIR)/GraFon.app/GraFon";
			};
			name = Debug;
		};
		546B138125DAFACF00CF2ED5 /* Release */ = {
			isa = XCBuildConfiguration;
			buildSettings = {
				ALWAYS_EMBED_SWIFT_STANDARD_LIBRARIES = YES;
				BUNDLE_LOADER = "$(TEST_HOST)";
				CODE_SIGN_STYLE = Automatic;
				DEVELOPMENT_TEAM = FDTCRD4BVY;
				INFOPLIST_FILE = GraFonTests/Info.plist;
				IPHONEOS_DEPLOYMENT_TARGET = 13.2;
				LD_RUNPATH_SEARCH_PATHS = (
					"$(inherited)",
					"@executable_path/Frameworks",
					"@loader_path/Frameworks",
				);
				PRODUCT_BUNDLE_IDENTIFIER = SamArtGS.GraFonTests;
				PRODUCT_NAME = "$(TARGET_NAME)";
				SWIFT_VERSION = 5.0;
				TARGETED_DEVICE_FAMILY = "1,2";
				TEST_HOST = "$(BUILT_PRODUCTS_DIR)/GraFon.app/GraFon";
			};
			name = Release;
		};
/* End XCBuildConfiguration section */

/* Begin XCConfigurationList section */
		546B135525DAFACD00CF2ED5 /* Build configuration list for PBXProject "GraFon" */ = {
			isa = XCConfigurationList;
			buildConfigurations = (
				546B137A25DAFACF00CF2ED5 /* Debug */,
				546B137B25DAFACF00CF2ED5 /* Release */,
			);
			defaultConfigurationIsVisible = 0;
			defaultConfigurationName = Release;
		};
		546B137C25DAFACF00CF2ED5 /* Build configuration list for PBXNativeTarget "GraFon" */ = {
			isa = XCConfigurationList;
			buildConfigurations = (
				546B137D25DAFACF00CF2ED5 /* Debug */,
				546B137E25DAFACF00CF2ED5 /* Release */,
			);
			defaultConfigurationIsVisible = 0;
			defaultConfigurationName = Release;
		};
		546B137F25DAFACF00CF2ED5 /* Build configuration list for PBXNativeTarget "GraFonTests" */ = {
			isa = XCConfigurationList;
			buildConfigurations = (
				546B138025DAFACF00CF2ED5 /* Debug */,
				546B138125DAFACF00CF2ED5 /* Release */,
			);
			defaultConfigurationIsVisible = 0;
			defaultConfigurationName = Release;
		};
/* End XCConfigurationList section */

/* Begin XCVersionGroup section */
		546B136625DAFACD00CF2ED5 /* GraFon.xcdatamodeld */ = {
			isa = XCVersionGroup;
			children = (
				546B136725DAFACD00CF2ED5 /* GraFon.xcdatamodel */,
			);
			currentVersion = 546B136725DAFACD00CF2ED5 /* GraFon.xcdatamodel */;
			path = GraFon.xcdatamodeld;
			sourceTree = "<group>";
			versionGroupType = wrapper.xcdatamodel;
		};
/* End XCVersionGroup section */
	};
	rootObject = 546B135225DAFACD00CF2ED5 /* Project object */;
}
